// !$*UTF8*$!
{
	archiveVersion = 1;
	classes = {
	};
	objectVersion = 50;
	objects = {

/* Begin PBXBuildFile section */
		170FA2E1239CDBA8006A86BD /* UIViewController+TreeMemo.swift in Sources */ = {isa = PBXBuildFile; fileRef = 170FA2E0239CDBA8006A86BD /* UIViewController+TreeMemo.swift */; };
		170FA2E323A614C0006A86BD /* TextDetailView.swift in Sources */ = {isa = PBXBuildFile; fileRef = 170FA2E223A614C0006A86BD /* TextDetailView.swift */; };
		170FA2E523AF3CF8006A86BD /* ImagePickerView.swift in Sources */ = {isa = PBXBuildFile; fileRef = 170FA2E423AF3CF8006A86BD /* ImagePickerView.swift */; };
		170FA2E723AF5273006A86BD /* OQImageViewerView.swift in Sources */ = {isa = PBXBuildFile; fileRef = 170FA2E623AF5273006A86BD /* OQImageViewerView.swift */; };
		C30038BE239A4A5D001DB62F /* OQToggleView.swift in Sources */ = {isa = PBXBuildFile; fileRef = C30038BD239A4A5D001DB62F /* OQToggleView.swift */; };
		C34415D0238F5CB100F0FDD1 /* TreeMemoViewModel.swift in Sources */ = {isa = PBXBuildFile; fileRef = C34415CF238F5CB100F0FDD1 /* TreeMemoViewModel.swift */; };
		C3443994239DD95A00A33BA7 /* treeMemoTests.swift in Sources */ = {isa = PBXBuildFile; fileRef = C3443993239DD95A00A33BA7 /* treeMemoTests.swift */; };
		C344399C239DDF3000A33BA7 /* OQTextFieldView.swift in Sources */ = {isa = PBXBuildFile; fileRef = C344399B239DDF3000A33BA7 /* OQTextFieldView.swift */; };
		C344399E239F827E00A33BA7 /* OQIntFieldView.swift in Sources */ = {isa = PBXBuildFile; fileRef = C344399D239F827E00A33BA7 /* OQIntFieldView.swift */; };
		C34439A0239F891A00A33BA7 /* KeyboardResponder.swift in Sources */ = {isa = PBXBuildFile; fileRef = C344399F239F891A00A33BA7 /* KeyboardResponder.swift */; };
		C34439E623A3726D00A33BA7 /* OQPickerView.swift in Sources */ = {isa = PBXBuildFile; fileRef = C34439E523A3726D00A33BA7 /* OQPickerView.swift */; };
		C355BBEC2387C09A0090F7CC /* HeaderView.swift in Sources */ = {isa = PBXBuildFile; fileRef = C355BBEB2387C09A0090F7CC /* HeaderView.swift */; };
		C355BBEE2387C2780090F7CC /* BodyView.swift in Sources */ = {isa = PBXBuildFile; fileRef = C355BBED2387C2780090F7CC /* BodyView.swift */; };
		C36AC523238CCE9A00237549 /* TreeMemoState.swift in Sources */ = {isa = PBXBuildFile; fileRef = C36AC522238CCE9A00237549 /* TreeMemoState.swift */; };
		C3FF60C92383E1EC003E57DE /* AppDelegate.swift in Sources */ = {isa = PBXBuildFile; fileRef = C3FF60C82383E1EC003E57DE /* AppDelegate.swift */; };
		C3FF60CB2383E1EC003E57DE /* SceneDelegate.swift in Sources */ = {isa = PBXBuildFile; fileRef = C3FF60CA2383E1EC003E57DE /* SceneDelegate.swift */; };
		C3FF60CD2383E1EC003E57DE /* ContentView.swift in Sources */ = {isa = PBXBuildFile; fileRef = C3FF60CC2383E1EC003E57DE /* ContentView.swift */; };
		C3FF60CF2383E1EE003E57DE /* Assets.xcassets in Resources */ = {isa = PBXBuildFile; fileRef = C3FF60CE2383E1EE003E57DE /* Assets.xcassets */; };
		C3FF60D22383E1EE003E57DE /* Preview Assets.xcassets in Resources */ = {isa = PBXBuildFile; fileRef = C3FF60D12383E1EE003E57DE /* Preview Assets.xcassets */; };
		C3FF60D52383E1EE003E57DE /* LaunchScreen.storyboard in Resources */ = {isa = PBXBuildFile; fileRef = C3FF60D32383E1EE003E57DE /* LaunchScreen.storyboard */; };
		C3FF60DA2383E1EE003E57DE /* treeMemo WatchKit App.app in Embed Watch Content */ = {isa = PBXBuildFile; fileRef = C3FF60D92383E1EE003E57DE /* treeMemo WatchKit App.app */; settings = {ATTRIBUTES = (RemoveHeadersOnCopy, ); }; };
		C3FF60E02383E1EE003E57DE /* Interface.storyboard in Resources */ = {isa = PBXBuildFile; fileRef = C3FF60DE2383E1EE003E57DE /* Interface.storyboard */; };
		C3FF60E22383E1EF003E57DE /* Assets.xcassets in Resources */ = {isa = PBXBuildFile; fileRef = C3FF60E12383E1EF003E57DE /* Assets.xcassets */; };
		C3FF60E92383E1EF003E57DE /* treeMemo WatchKit Extension.appex in Embed App Extensions */ = {isa = PBXBuildFile; fileRef = C3FF60E82383E1EF003E57DE /* treeMemo WatchKit Extension.appex */; settings = {ATTRIBUTES = (RemoveHeadersOnCopy, ); }; };
		C3FF60EE2383E1EF003E57DE /* ContentView.swift in Sources */ = {isa = PBXBuildFile; fileRef = C3FF60ED2383E1EF003E57DE /* ContentView.swift */; };
		C3FF60F02383E1EF003E57DE /* HostingController.swift in Sources */ = {isa = PBXBuildFile; fileRef = C3FF60EF2383E1EF003E57DE /* HostingController.swift */; };
		C3FF60F22383E1EF003E57DE /* ExtensionDelegate.swift in Sources */ = {isa = PBXBuildFile; fileRef = C3FF60F12383E1EF003E57DE /* ExtensionDelegate.swift */; };
		C3FF60F42383E1EF003E57DE /* NotificationController.swift in Sources */ = {isa = PBXBuildFile; fileRef = C3FF60F32383E1EF003E57DE /* NotificationController.swift */; };
		C3FF60F62383E1EF003E57DE /* NotificationView.swift in Sources */ = {isa = PBXBuildFile; fileRef = C3FF60F52383E1EF003E57DE /* NotificationView.swift */; };
		C3FF60F82383E1EF003E57DE /* Assets.xcassets in Resources */ = {isa = PBXBuildFile; fileRef = C3FF60F72383E1EF003E57DE /* Assets.xcassets */; };
		C3FF60FB2383E1EF003E57DE /* Preview Assets.xcassets in Resources */ = {isa = PBXBuildFile; fileRef = C3FF60FA2383E1EF003E57DE /* Preview Assets.xcassets */; };
		C3FF610C23853C88003E57DE /* TreeModel.swift in Sources */ = {isa = PBXBuildFile; fileRef = C3FF610B23853C88003E57DE /* TreeModel.swift */; };
		C3FF611223862244003E57DE /* UIViewPreview.swift in Sources */ = {isa = PBXBuildFile; fileRef = C3FF611123862244003E57DE /* UIViewPreview.swift */; };
		C3FF611423862981003E57DE /* TreeNodeView.swift in Sources */ = {isa = PBXBuildFile; fileRef = C3FF611323862981003E57DE /* TreeNodeView.swift */; };
/* End PBXBuildFile section */

/* Begin PBXContainerItemProxy section */
		C3443996239DD95A00A33BA7 /* PBXContainerItemProxy */ = {
			isa = PBXContainerItemProxy;
			containerPortal = C3FF60BD2383E1EC003E57DE /* Project object */;
			proxyType = 1;
			remoteGlobalIDString = C3FF60C42383E1EC003E57DE;
			remoteInfo = treeMemo;
		};
		C3FF60DB2383E1EE003E57DE /* PBXContainerItemProxy */ = {
			isa = PBXContainerItemProxy;
			containerPortal = C3FF60BD2383E1EC003E57DE /* Project object */;
			proxyType = 1;
			remoteGlobalIDString = C3FF60D82383E1EE003E57DE;
			remoteInfo = "treeMemo WatchKit App";
		};
		C3FF60EA2383E1EF003E57DE /* PBXContainerItemProxy */ = {
			isa = PBXContainerItemProxy;
			containerPortal = C3FF60BD2383E1EC003E57DE /* Project object */;
			proxyType = 1;
			remoteGlobalIDString = C3FF60E72383E1EF003E57DE;
			remoteInfo = "treeMemo WatchKit Extension";
		};
/* End PBXContainerItemProxy section */

/* Begin PBXCopyFilesBuildPhase section */
		C3FF61032383E1EF003E57DE /* Embed App Extensions */ = {
			isa = PBXCopyFilesBuildPhase;
			buildActionMask = 2147483647;
			dstPath = "";
			dstSubfolderSpec = 13;
			files = (
				C3FF60E92383E1EF003E57DE /* treeMemo WatchKit Extension.appex in Embed App Extensions */,
			);
			name = "Embed App Extensions";
			runOnlyForDeploymentPostprocessing = 0;
		};
		C3FF61072383E1EF003E57DE /* Embed Watch Content */ = {
			isa = PBXCopyFilesBuildPhase;
			buildActionMask = 2147483647;
			dstPath = "$(CONTENTS_FOLDER_PATH)/Watch";
			dstSubfolderSpec = 16;
			files = (
				C3FF60DA2383E1EE003E57DE /* treeMemo WatchKit App.app in Embed Watch Content */,
			);
			name = "Embed Watch Content";
			runOnlyForDeploymentPostprocessing = 0;
		};
/* End PBXCopyFilesBuildPhase section */

/* Begin PBXFileReference section */
		170FA2E0239CDBA8006A86BD /* UIViewController+TreeMemo.swift */ = {isa = PBXFileReference; lastKnownFileType = sourcecode.swift; path = "UIViewController+TreeMemo.swift"; sourceTree = "<group>"; };
		170FA2E223A614C0006A86BD /* TextDetailView.swift */ = {isa = PBXFileReference; lastKnownFileType = sourcecode.swift; path = TextDetailView.swift; sourceTree = "<group>"; };
		170FA2E423AF3CF8006A86BD /* ImagePickerView.swift */ = {isa = PBXFileReference; lastKnownFileType = sourcecode.swift; path = ImagePickerView.swift; sourceTree = "<group>"; };
		170FA2E623AF5273006A86BD /* OQImageViewerView.swift */ = {isa = PBXFileReference; lastKnownFileType = sourcecode.swift; path = OQImageViewerView.swift; sourceTree = "<group>"; };
		C30038BD239A4A5D001DB62F /* OQToggleView.swift */ = {isa = PBXFileReference; lastKnownFileType = sourcecode.swift; path = OQToggleView.swift; sourceTree = "<group>"; };
		C34415CF238F5CB100F0FDD1 /* TreeMemoViewModel.swift */ = {isa = PBXFileReference; lastKnownFileType = sourcecode.swift; path = TreeMemoViewModel.swift; sourceTree = "<group>"; };
		C3443991239DD95A00A33BA7 /* treeMemoTests.xctest */ = {isa = PBXFileReference; explicitFileType = wrapper.cfbundle; includeInIndex = 0; path = treeMemoTests.xctest; sourceTree = BUILT_PRODUCTS_DIR; };
		C3443993239DD95A00A33BA7 /* treeMemoTests.swift */ = {isa = PBXFileReference; lastKnownFileType = sourcecode.swift; path = treeMemoTests.swift; sourceTree = "<group>"; };
		C3443995239DD95A00A33BA7 /* Info.plist */ = {isa = PBXFileReference; lastKnownFileType = text.plist.xml; path = Info.plist; sourceTree = "<group>"; };
		C344399B239DDF3000A33BA7 /* OQTextFieldView.swift */ = {isa = PBXFileReference; lastKnownFileType = sourcecode.swift; path = OQTextFieldView.swift; sourceTree = "<group>"; };
		C344399D239F827E00A33BA7 /* OQIntFieldView.swift */ = {isa = PBXFileReference; lastKnownFileType = sourcecode.swift; path = OQIntFieldView.swift; sourceTree = "<group>"; };
		C344399F239F891A00A33BA7 /* KeyboardResponder.swift */ = {isa = PBXFileReference; lastKnownFileType = sourcecode.swift; path = KeyboardResponder.swift; sourceTree = "<group>"; };
		C34439E523A3726D00A33BA7 /* OQPickerView.swift */ = {isa = PBXFileReference; fileEncoding = 4; lastKnownFileType = sourcecode.swift; path = OQPickerView.swift; sourceTree = "<group>"; };
		C34439E723A37AA200A33BA7 /* zh-Hans */ = {isa = PBXFileReference; lastKnownFileType = text.plist.strings; name = "zh-Hans"; path = "zh-Hans.lproj/LaunchScreen.strings"; sourceTree = "<group>"; };
		C34439E823A37AA200A33BA7 /* zh-Hans */ = {isa = PBXFileReference; lastKnownFileType = text.plist.strings; name = "zh-Hans"; path = "zh-Hans.lproj/Interface.strings"; sourceTree = "<group>"; };
		C34439E923A37AAC00A33BA7 /* zh-Hant */ = {isa = PBXFileReference; lastKnownFileType = text.plist.strings; name = "zh-Hant"; path = "zh-Hant.lproj/LaunchScreen.strings"; sourceTree = "<group>"; };
		C34439EA23A37AAC00A33BA7 /* zh-Hant */ = {isa = PBXFileReference; lastKnownFileType = text.plist.strings; name = "zh-Hant"; path = "zh-Hant.lproj/Interface.strings"; sourceTree = "<group>"; };
		C34439EB23A37AB300A33BA7 /* ja */ = {isa = PBXFileReference; lastKnownFileType = text.plist.strings; name = ja; path = ja.lproj/LaunchScreen.strings; sourceTree = "<group>"; };
		C34439EC23A37AB300A33BA7 /* ja */ = {isa = PBXFileReference; lastKnownFileType = text.plist.strings; name = ja; path = ja.lproj/Interface.strings; sourceTree = "<group>"; };
		C34439ED23A37ABB00A33BA7 /* es */ = {isa = PBXFileReference; lastKnownFileType = text.plist.strings; name = es; path = es.lproj/LaunchScreen.strings; sourceTree = "<group>"; };
		C34439EE23A37ABB00A33BA7 /* es */ = {isa = PBXFileReference; lastKnownFileType = text.plist.strings; name = es; path = es.lproj/Interface.strings; sourceTree = "<group>"; };
		C34439EF23A37AC000A33BA7 /* fr */ = {isa = PBXFileReference; lastKnownFileType = text.plist.strings; name = fr; path = fr.lproj/LaunchScreen.strings; sourceTree = "<group>"; };
		C34439F023A37AC000A33BA7 /* fr */ = {isa = PBXFileReference; lastKnownFileType = text.plist.strings; name = fr; path = fr.lproj/Interface.strings; sourceTree = "<group>"; };
		C34439F123A37AC400A33BA7 /* de */ = {isa = PBXFileReference; lastKnownFileType = text.plist.strings; name = de; path = de.lproj/LaunchScreen.strings; sourceTree = "<group>"; };
		C34439F223A37AC400A33BA7 /* de */ = {isa = PBXFileReference; lastKnownFileType = text.plist.strings; name = de; path = de.lproj/Interface.strings; sourceTree = "<group>"; };
		C34439F323A37AC900A33BA7 /* ru */ = {isa = PBXFileReference; lastKnownFileType = text.plist.strings; name = ru; path = ru.lproj/LaunchScreen.strings; sourceTree = "<group>"; };
		C34439F423A37AC900A33BA7 /* ru */ = {isa = PBXFileReference; lastKnownFileType = text.plist.strings; name = ru; path = ru.lproj/Interface.strings; sourceTree = "<group>"; };
		C34439F523A37ACE00A33BA7 /* it */ = {isa = PBXFileReference; lastKnownFileType = text.plist.strings; name = it; path = it.lproj/LaunchScreen.strings; sourceTree = "<group>"; };
		C34439F623A37ACE00A33BA7 /* it */ = {isa = PBXFileReference; lastKnownFileType = text.plist.strings; name = it; path = it.lproj/Interface.strings; sourceTree = "<group>"; };
		C34439F723A37AEE00A33BA7 /* ko */ = {isa = PBXFileReference; lastKnownFileType = text.plist.strings; name = ko; path = ko.lproj/LaunchScreen.strings; sourceTree = "<group>"; };
		C34439F823A37AEF00A33BA7 /* ko */ = {isa = PBXFileReference; lastKnownFileType = text.plist.strings; name = ko; path = ko.lproj/Interface.strings; sourceTree = "<group>"; };
		C34439F923A37AFB00A33BA7 /* tr */ = {isa = PBXFileReference; lastKnownFileType = text.plist.strings; name = tr; path = tr.lproj/LaunchScreen.strings; sourceTree = "<group>"; };
		C34439FA23A37AFB00A33BA7 /* tr */ = {isa = PBXFileReference; lastKnownFileType = text.plist.strings; name = tr; path = tr.lproj/Interface.strings; sourceTree = "<group>"; };
		C34439FB23A37AFF00A33BA7 /* nl */ = {isa = PBXFileReference; lastKnownFileType = text.plist.strings; name = nl; path = nl.lproj/LaunchScreen.strings; sourceTree = "<group>"; };
		C34439FC23A37AFF00A33BA7 /* nl */ = {isa = PBXFileReference; lastKnownFileType = text.plist.strings; name = nl; path = nl.lproj/Interface.strings; sourceTree = "<group>"; };
		C34439FD23A37B0300A33BA7 /* ar */ = {isa = PBXFileReference; lastKnownFileType = text.plist.strings; name = ar; path = ar.lproj/LaunchScreen.strings; sourceTree = "<group>"; };
		C34439FE23A37B0300A33BA7 /* ar */ = {isa = PBXFileReference; lastKnownFileType = text.plist.strings; name = ar; path = ar.lproj/Interface.strings; sourceTree = "<group>"; };
		C34439FF23A37B0900A33BA7 /* th */ = {isa = PBXFileReference; lastKnownFileType = text.plist.strings; name = th; path = th.lproj/LaunchScreen.strings; sourceTree = "<group>"; };
		C3443A0023A37B0900A33BA7 /* th */ = {isa = PBXFileReference; lastKnownFileType = text.plist.strings; name = th; path = th.lproj/Interface.strings; sourceTree = "<group>"; };
		C3443A0123A37B0E00A33BA7 /* sv */ = {isa = PBXFileReference; lastKnownFileType = text.plist.strings; name = sv; path = sv.lproj/LaunchScreen.strings; sourceTree = "<group>"; };
		C3443A0223A37B0E00A33BA7 /* sv */ = {isa = PBXFileReference; lastKnownFileType = text.plist.strings; name = sv; path = sv.lproj/Interface.strings; sourceTree = "<group>"; };
		C3443A0323A37B1200A33BA7 /* da */ = {isa = PBXFileReference; lastKnownFileType = text.plist.strings; name = da; path = da.lproj/LaunchScreen.strings; sourceTree = "<group>"; };
		C3443A0423A37B1200A33BA7 /* da */ = {isa = PBXFileReference; lastKnownFileType = text.plist.strings; name = da; path = da.lproj/Interface.strings; sourceTree = "<group>"; };
		C3443A0523A37B1600A33BA7 /* vi */ = {isa = PBXFileReference; lastKnownFileType = text.plist.strings; name = vi; path = vi.lproj/LaunchScreen.strings; sourceTree = "<group>"; };
		C3443A0623A37B1600A33BA7 /* vi */ = {isa = PBXFileReference; lastKnownFileType = text.plist.strings; name = vi; path = vi.lproj/Interface.strings; sourceTree = "<group>"; };
		C3443A0723A37B1A00A33BA7 /* pl */ = {isa = PBXFileReference; lastKnownFileType = text.plist.strings; name = pl; path = pl.lproj/LaunchScreen.strings; sourceTree = "<group>"; };
		C3443A0823A37B1A00A33BA7 /* pl */ = {isa = PBXFileReference; lastKnownFileType = text.plist.strings; name = pl; path = pl.lproj/Interface.strings; sourceTree = "<group>"; };
		C3443A0923A37B1E00A33BA7 /* fi */ = {isa = PBXFileReference; lastKnownFileType = text.plist.strings; name = fi; path = fi.lproj/LaunchScreen.strings; sourceTree = "<group>"; };
		C3443A0A23A37B1E00A33BA7 /* fi */ = {isa = PBXFileReference; lastKnownFileType = text.plist.strings; name = fi; path = fi.lproj/Interface.strings; sourceTree = "<group>"; };
		C3443A0B23A37B2300A33BA7 /* he */ = {isa = PBXFileReference; lastKnownFileType = text.plist.strings; name = he; path = he.lproj/LaunchScreen.strings; sourceTree = "<group>"; };
		C3443A0C23A37B2300A33BA7 /* he */ = {isa = PBXFileReference; lastKnownFileType = text.plist.strings; name = he; path = he.lproj/Interface.strings; sourceTree = "<group>"; };
		C3443A0D23A37B2600A33BA7 /* id */ = {isa = PBXFileReference; lastKnownFileType = text.plist.strings; name = id; path = id.lproj/LaunchScreen.strings; sourceTree = "<group>"; };
		C3443A0E23A37B2600A33BA7 /* id */ = {isa = PBXFileReference; lastKnownFileType = text.plist.strings; name = id; path = id.lproj/Interface.strings; sourceTree = "<group>"; };
		C3443A0F23A37B2D00A33BA7 /* el */ = {isa = PBXFileReference; lastKnownFileType = text.plist.strings; name = el; path = el.lproj/LaunchScreen.strings; sourceTree = "<group>"; };
		C3443A1023A37B2D00A33BA7 /* el */ = {isa = PBXFileReference; lastKnownFileType = text.plist.strings; name = el; path = el.lproj/Interface.strings; sourceTree = "<group>"; };
		C3443A1123A37B3100A33BA7 /* ro */ = {isa = PBXFileReference; lastKnownFileType = text.plist.strings; name = ro; path = ro.lproj/LaunchScreen.strings; sourceTree = "<group>"; };
		C3443A1223A37B3200A33BA7 /* ro */ = {isa = PBXFileReference; lastKnownFileType = text.plist.strings; name = ro; path = ro.lproj/Interface.strings; sourceTree = "<group>"; };
		C3443A1323A37B3900A33BA7 /* hi */ = {isa = PBXFileReference; lastKnownFileType = text.plist.strings; name = hi; path = hi.lproj/LaunchScreen.strings; sourceTree = "<group>"; };
		C3443A1423A37B3900A33BA7 /* hi */ = {isa = PBXFileReference; lastKnownFileType = text.plist.strings; name = hi; path = hi.lproj/Interface.strings; sourceTree = "<group>"; };
		C3443A1523A37B4900A33BA7 /* hr */ = {isa = PBXFileReference; lastKnownFileType = text.plist.strings; name = hr; path = hr.lproj/LaunchScreen.strings; sourceTree = "<group>"; };
		C3443A1623A37B4900A33BA7 /* hr */ = {isa = PBXFileReference; lastKnownFileType = text.plist.strings; name = hr; path = hr.lproj/Interface.strings; sourceTree = "<group>"; };
		C3443A1723A37B5000A33BA7 /* ms */ = {isa = PBXFileReference; lastKnownFileType = text.plist.strings; name = ms; path = ms.lproj/LaunchScreen.strings; sourceTree = "<group>"; };
		C3443A1823A37B5000A33BA7 /* ms */ = {isa = PBXFileReference; lastKnownFileType = text.plist.strings; name = ms; path = ms.lproj/Interface.strings; sourceTree = "<group>"; };
		C3443A1923A37B5800A33BA7 /* hu */ = {isa = PBXFileReference; lastKnownFileType = text.plist.strings; name = hu; path = hu.lproj/LaunchScreen.strings; sourceTree = "<group>"; };
		C3443A1A23A37B5800A33BA7 /* hu */ = {isa = PBXFileReference; lastKnownFileType = text.plist.strings; name = hu; path = hu.lproj/Interface.strings; sourceTree = "<group>"; };
		C355BBEB2387C09A0090F7CC /* HeaderView.swift */ = {isa = PBXFileReference; lastKnownFileType = sourcecode.swift; path = HeaderView.swift; sourceTree = "<group>"; };
		C355BBED2387C2780090F7CC /* BodyView.swift */ = {isa = PBXFileReference; lastKnownFileType = sourcecode.swift; path = BodyView.swift; sourceTree = "<group>"; };
		C36AC522238CCE9A00237549 /* TreeMemoState.swift */ = {isa = PBXFileReference; lastKnownFileType = sourcecode.swift; path = TreeMemoState.swift; sourceTree = "<group>"; };
		C3FF60C52383E1EC003E57DE /* treeMemo.app */ = {isa = PBXFileReference; explicitFileType = wrapper.application; includeInIndex = 0; path = treeMemo.app; sourceTree = BUILT_PRODUCTS_DIR; };
		C3FF60C82383E1EC003E57DE /* AppDelegate.swift */ = {isa = PBXFileReference; lastKnownFileType = sourcecode.swift; path = AppDelegate.swift; sourceTree = "<group>"; };
		C3FF60CA2383E1EC003E57DE /* SceneDelegate.swift */ = {isa = PBXFileReference; lastKnownFileType = sourcecode.swift; path = SceneDelegate.swift; sourceTree = "<group>"; };
		C3FF60CC2383E1EC003E57DE /* ContentView.swift */ = {isa = PBXFileReference; lastKnownFileType = sourcecode.swift; path = ContentView.swift; sourceTree = "<group>"; };
		C3FF60CE2383E1EE003E57DE /* Assets.xcassets */ = {isa = PBXFileReference; lastKnownFileType = folder.assetcatalog; path = Assets.xcassets; sourceTree = "<group>"; };
		C3FF60D12383E1EE003E57DE /* Preview Assets.xcassets */ = {isa = PBXFileReference; lastKnownFileType = folder.assetcatalog; path = "Preview Assets.xcassets"; sourceTree = "<group>"; };
		C3FF60D42383E1EE003E57DE /* Base */ = {isa = PBXFileReference; lastKnownFileType = file.storyboard; name = Base; path = Base.lproj/LaunchScreen.storyboard; sourceTree = "<group>"; };
		C3FF60D62383E1EE003E57DE /* Info.plist */ = {isa = PBXFileReference; lastKnownFileType = text.plist.xml; path = Info.plist; sourceTree = "<group>"; };
		C3FF60D92383E1EE003E57DE /* treeMemo WatchKit App.app */ = {isa = PBXFileReference; explicitFileType = wrapper.application; includeInIndex = 0; path = "treeMemo WatchKit App.app"; sourceTree = BUILT_PRODUCTS_DIR; };
		C3FF60DF2383E1EE003E57DE /* Base */ = {isa = PBXFileReference; lastKnownFileType = file.storyboard; name = Base; path = Base.lproj/Interface.storyboard; sourceTree = "<group>"; };
		C3FF60E12383E1EF003E57DE /* Assets.xcassets */ = {isa = PBXFileReference; lastKnownFileType = folder.assetcatalog; path = Assets.xcassets; sourceTree = "<group>"; };
		C3FF60E32383E1EF003E57DE /* Info.plist */ = {isa = PBXFileReference; lastKnownFileType = text.plist.xml; path = Info.plist; sourceTree = "<group>"; };
		C3FF60E82383E1EF003E57DE /* treeMemo WatchKit Extension.appex */ = {isa = PBXFileReference; explicitFileType = "wrapper.app-extension"; includeInIndex = 0; path = "treeMemo WatchKit Extension.appex"; sourceTree = BUILT_PRODUCTS_DIR; };
		C3FF60ED2383E1EF003E57DE /* ContentView.swift */ = {isa = PBXFileReference; lastKnownFileType = sourcecode.swift; path = ContentView.swift; sourceTree = "<group>"; };
		C3FF60EF2383E1EF003E57DE /* HostingController.swift */ = {isa = PBXFileReference; lastKnownFileType = sourcecode.swift; path = HostingController.swift; sourceTree = "<group>"; };
		C3FF60F12383E1EF003E57DE /* ExtensionDelegate.swift */ = {isa = PBXFileReference; lastKnownFileType = sourcecode.swift; path = ExtensionDelegate.swift; sourceTree = "<group>"; };
		C3FF60F32383E1EF003E57DE /* NotificationController.swift */ = {isa = PBXFileReference; lastKnownFileType = sourcecode.swift; path = NotificationController.swift; sourceTree = "<group>"; };
		C3FF60F52383E1EF003E57DE /* NotificationView.swift */ = {isa = PBXFileReference; lastKnownFileType = sourcecode.swift; path = NotificationView.swift; sourceTree = "<group>"; };
		C3FF60F72383E1EF003E57DE /* Assets.xcassets */ = {isa = PBXFileReference; lastKnownFileType = folder.assetcatalog; path = Assets.xcassets; sourceTree = "<group>"; };
		C3FF60FA2383E1EF003E57DE /* Preview Assets.xcassets */ = {isa = PBXFileReference; lastKnownFileType = folder.assetcatalog; path = "Preview Assets.xcassets"; sourceTree = "<group>"; };
		C3FF60FC2383E1EF003E57DE /* Info.plist */ = {isa = PBXFileReference; lastKnownFileType = text.plist.xml; path = Info.plist; sourceTree = "<group>"; };
		C3FF60FD2383E1EF003E57DE /* PushNotificationPayload.apns */ = {isa = PBXFileReference; lastKnownFileType = text; path = PushNotificationPayload.apns; sourceTree = "<group>"; };
		C3FF610B23853C88003E57DE /* TreeModel.swift */ = {isa = PBXFileReference; lastKnownFileType = sourcecode.swift; path = TreeModel.swift; sourceTree = "<group>"; };
		C3FF611123862244003E57DE /* UIViewPreview.swift */ = {isa = PBXFileReference; lastKnownFileType = sourcecode.swift; path = UIViewPreview.swift; sourceTree = "<group>"; };
		C3FF611323862981003E57DE /* TreeNodeView.swift */ = {isa = PBXFileReference; lastKnownFileType = sourcecode.swift; path = TreeNodeView.swift; sourceTree = "<group>"; };
/* End PBXFileReference section */

/* Begin PBXFrameworksBuildPhase section */
		C344398E239DD95A00A33BA7 /* Frameworks */ = {
			isa = PBXFrameworksBuildPhase;
			buildActionMask = 2147483647;
			files = (
			);
			runOnlyForDeploymentPostprocessing = 0;
		};
		C3FF60C22383E1EC003E57DE /* Frameworks */ = {
			isa = PBXFrameworksBuildPhase;
			buildActionMask = 2147483647;
			files = (
			);
			runOnlyForDeploymentPostprocessing = 0;
		};
		C3FF60E52383E1EF003E57DE /* Frameworks */ = {
			isa = PBXFrameworksBuildPhase;
			buildActionMask = 2147483647;
			files = (
			);
			runOnlyForDeploymentPostprocessing = 0;
		};
/* End PBXFrameworksBuildPhase section */

/* Begin PBXGroup section */
		C30038BF239A51E8001DB62F /* Component */ = {
			isa = PBXGroup;
			children = (
				C30038BD239A4A5D001DB62F /* OQToggleView.swift */,
				C344399B239DDF3000A33BA7 /* OQTextFieldView.swift */,
				C344399D239F827E00A33BA7 /* OQIntFieldView.swift */,
				170FA2E423AF3CF8006A86BD /* ImagePickerView.swift */,
				170FA2E623AF5273006A86BD /* OQImageViewerView.swift */,
			);
			path = Component;
			sourceTree = "<group>";
		};
		C3443992239DD95A00A33BA7 /* treeMemoTests */ = {
			isa = PBXGroup;
			children = (
				C3443993239DD95A00A33BA7 /* treeMemoTests.swift */,
				C3443995239DD95A00A33BA7 /* Info.plist */,
			);
			path = treeMemoTests;
			sourceTree = "<group>";
		};
		C3FF60BC2383E1EC003E57DE = {
			isa = PBXGroup;
			children = (
				C3FF60C72383E1EC003E57DE /* treeMemo */,
				C3FF60DD2383E1EE003E57DE /* treeMemo WatchKit App */,
				C3FF60EC2383E1EF003E57DE /* treeMemo WatchKit Extension */,
				C3443992239DD95A00A33BA7 /* treeMemoTests */,
				C3FF60C62383E1EC003E57DE /* Products */,
			);
			sourceTree = "<group>";
		};
		C3FF60C62383E1EC003E57DE /* Products */ = {
			isa = PBXGroup;
			children = (
				C3FF60C52383E1EC003E57DE /* treeMemo.app */,
				C3FF60D92383E1EE003E57DE /* treeMemo WatchKit App.app */,
				C3FF60E82383E1EF003E57DE /* treeMemo WatchKit Extension.appex */,
				C3443991239DD95A00A33BA7 /* treeMemoTests.xctest */,
			);
			name = Products;
			sourceTree = "<group>";
		};
		C3FF60C72383E1EC003E57DE /* treeMemo */ = {
			isa = PBXGroup;
			children = (
				C3FF611023862223003E57DE /* Lib, Extension */,
				C3FF610F23853D35003E57DE /* View */,
				C3FF610E23853D20003E57DE /* ViewModel */,
				C3FF610D23853CE5003E57DE /* Model */,
				C3FF60C82383E1EC003E57DE /* AppDelegate.swift */,
				C3FF60CA2383E1EC003E57DE /* SceneDelegate.swift */,
				C3FF60CE2383E1EE003E57DE /* Assets.xcassets */,
				C3FF60D32383E1EE003E57DE /* LaunchScreen.storyboard */,
				C3FF60D62383E1EE003E57DE /* Info.plist */,
				C3FF60D02383E1EE003E57DE /* Preview Content */,
			);
			path = treeMemo;
			sourceTree = "<group>";
		};
		C3FF60D02383E1EE003E57DE /* Preview Content */ = {
			isa = PBXGroup;
			children = (
				C3FF60D12383E1EE003E57DE /* Preview Assets.xcassets */,
			);
			path = "Preview Content";
			sourceTree = "<group>";
		};
		C3FF60DD2383E1EE003E57DE /* treeMemo WatchKit App */ = {
			isa = PBXGroup;
			children = (
				C3FF60DE2383E1EE003E57DE /* Interface.storyboard */,
				C3FF60E12383E1EF003E57DE /* Assets.xcassets */,
				C3FF60E32383E1EF003E57DE /* Info.plist */,
			);
			path = "treeMemo WatchKit App";
			sourceTree = "<group>";
		};
		C3FF60EC2383E1EF003E57DE /* treeMemo WatchKit Extension */ = {
			isa = PBXGroup;
			children = (
				C3FF60ED2383E1EF003E57DE /* ContentView.swift */,
				C3FF60EF2383E1EF003E57DE /* HostingController.swift */,
				C3FF60F12383E1EF003E57DE /* ExtensionDelegate.swift */,
				C3FF60F32383E1EF003E57DE /* NotificationController.swift */,
				C3FF60F52383E1EF003E57DE /* NotificationView.swift */,
				C3FF60F72383E1EF003E57DE /* Assets.xcassets */,
				C3FF60FC2383E1EF003E57DE /* Info.plist */,
				C3FF60FD2383E1EF003E57DE /* PushNotificationPayload.apns */,
				C3FF60F92383E1EF003E57DE /* Preview Content */,
			);
			path = "treeMemo WatchKit Extension";
			sourceTree = "<group>";
		};
		C3FF60F92383E1EF003E57DE /* Preview Content */ = {
			isa = PBXGroup;
			children = (
				C3FF60FA2383E1EF003E57DE /* Preview Assets.xcassets */,
			);
			path = "Preview Content";
			sourceTree = "<group>";
		};
		C3FF610D23853CE5003E57DE /* Model */ = {
			isa = PBXGroup;
			children = (
				C3FF610B23853C88003E57DE /* TreeModel.swift */,
			);
			path = Model;
			sourceTree = "<group>";
		};
		C3FF610E23853D20003E57DE /* ViewModel */ = {
			isa = PBXGroup;
			children = (
				C34415CF238F5CB100F0FDD1 /* TreeMemoViewModel.swift */,
			);
			path = ViewModel;
			sourceTree = "<group>";
		};
		C3FF610F23853D35003E57DE /* View */ = {
			isa = PBXGroup;
			children = (
				C30038BF239A51E8001DB62F /* Component */,
				C3FF60CC2383E1EC003E57DE /* ContentView.swift */,
				C3FF611323862981003E57DE /* TreeNodeView.swift */,
				C355BBEB2387C09A0090F7CC /* HeaderView.swift */,
				C355BBED2387C2780090F7CC /* BodyView.swift */,
				170FA2E223A614C0006A86BD /* TextDetailView.swift */,
			);
			path = View;
			sourceTree = "<group>";
		};
		C3FF611023862223003E57DE /* Lib, Extension */ = {
			isa = PBXGroup;
			children = (
				C34439E523A3726D00A33BA7 /* OQPickerView.swift */,
				C3FF611123862244003E57DE /* UIViewPreview.swift */,
				C36AC522238CCE9A00237549 /* TreeMemoState.swift */,
				170FA2E0239CDBA8006A86BD /* UIViewController+TreeMemo.swift */,
				C344399F239F891A00A33BA7 /* KeyboardResponder.swift */,
			);
			path = "Lib, Extension";
			sourceTree = "<group>";
		};
/* End PBXGroup section */

/* Begin PBXNativeTarget section */
		C3443990239DD95A00A33BA7 /* treeMemoTests */ = {
			isa = PBXNativeTarget;
			buildConfigurationList = C3443998239DD95A00A33BA7 /* Build configuration list for PBXNativeTarget "treeMemoTests" */;
			buildPhases = (
				C344398D239DD95A00A33BA7 /* Sources */,
				C344398E239DD95A00A33BA7 /* Frameworks */,
				C344398F239DD95A00A33BA7 /* Resources */,
			);
			buildRules = (
			);
			dependencies = (
				C3443997239DD95A00A33BA7 /* PBXTargetDependency */,
			);
			name = treeMemoTests;
			productName = treeMemoTests;
			productReference = C3443991239DD95A00A33BA7 /* treeMemoTests.xctest */;
			productType = "com.apple.product-type.bundle.unit-test";
		};
		C3FF60C42383E1EC003E57DE /* treeMemo */ = {
			isa = PBXNativeTarget;
			buildConfigurationList = C3FF61082383E1EF003E57DE /* Build configuration list for PBXNativeTarget "treeMemo" */;
			buildPhases = (
				C3FF60C12383E1EC003E57DE /* Sources */,
				C3FF60C22383E1EC003E57DE /* Frameworks */,
				C3FF60C32383E1EC003E57DE /* Resources */,
				C3FF61072383E1EF003E57DE /* Embed Watch Content */,
			);
			buildRules = (
			);
			dependencies = (
				C3FF60DC2383E1EE003E57DE /* PBXTargetDependency */,
			);
			name = treeMemo;
			productName = treeMemo;
			productReference = C3FF60C52383E1EC003E57DE /* treeMemo.app */;
			productType = "com.apple.product-type.application";
		};
		C3FF60D82383E1EE003E57DE /* treeMemo WatchKit App */ = {
			isa = PBXNativeTarget;
			buildConfigurationList = C3FF61042383E1EF003E57DE /* Build configuration list for PBXNativeTarget "treeMemo WatchKit App" */;
			buildPhases = (
				C3FF60D72383E1EE003E57DE /* Resources */,
				C3FF61032383E1EF003E57DE /* Embed App Extensions */,
			);
			buildRules = (
			);
			dependencies = (
				C3FF60EB2383E1EF003E57DE /* PBXTargetDependency */,
			);
			name = "treeMemo WatchKit App";
			productName = "treeMemo WatchKit App";
			productReference = C3FF60D92383E1EE003E57DE /* treeMemo WatchKit App.app */;
			productType = "com.apple.product-type.application.watchapp2";
		};
		C3FF60E72383E1EF003E57DE /* treeMemo WatchKit Extension */ = {
			isa = PBXNativeTarget;
			buildConfigurationList = C3FF61002383E1EF003E57DE /* Build configuration list for PBXNativeTarget "treeMemo WatchKit Extension" */;
			buildPhases = (
				C3FF60E42383E1EF003E57DE /* Sources */,
				C3FF60E52383E1EF003E57DE /* Frameworks */,
				C3FF60E62383E1EF003E57DE /* Resources */,
			);
			buildRules = (
			);
			dependencies = (
			);
			name = "treeMemo WatchKit Extension";
			productName = "treeMemo WatchKit Extension";
			productReference = C3FF60E82383E1EF003E57DE /* treeMemo WatchKit Extension.appex */;
			productType = "com.apple.product-type.watchkit2-extension";
		};
/* End PBXNativeTarget section */

/* Begin PBXProject section */
		C3FF60BD2383E1EC003E57DE /* Project object */ = {
			isa = PBXProject;
			attributes = {
				LastSwiftUpdateCheck = 1120;
				LastUpgradeCheck = 1100;
				ORGANIZATIONNAME = "OGyu kwon";
				TargetAttributes = {
					C3443990239DD95A00A33BA7 = {
						CreatedOnToolsVersion = 11.2.1;
						TestTargetID = C3FF60C42383E1EC003E57DE;
					};
					C3FF60C42383E1EC003E57DE = {
						CreatedOnToolsVersion = 11.0;
					};
					C3FF60D82383E1EE003E57DE = {
						CreatedOnToolsVersion = 11.0;
					};
					C3FF60E72383E1EF003E57DE = {
						CreatedOnToolsVersion = 11.0;
					};
				};
			};
			buildConfigurationList = C3FF60C02383E1EC003E57DE /* Build configuration list for PBXProject "treeMemo" */;
			compatibilityVersion = "Xcode 9.3";
			developmentRegion = en;
			hasScannedForEncodings = 0;
			knownRegions = (
				en,
				Base,
				"zh-Hans",
				"zh-Hant",
				ja,
				es,
				fr,
				de,
				ru,
				it,
				ko,
				tr,
				nl,
				ar,
				th,
				sv,
				da,
				vi,
				pl,
				fi,
				he,
				id,
				el,
				ro,
				hi,
				hr,
				ms,
				hu,
			);
			mainGroup = C3FF60BC2383E1EC003E57DE;
			productRefGroup = C3FF60C62383E1EC003E57DE /* Products */;
			projectDirPath = "";
			projectRoot = "";
			targets = (
				C3FF60C42383E1EC003E57DE /* treeMemo */,
				C3FF60D82383E1EE003E57DE /* treeMemo WatchKit App */,
				C3FF60E72383E1EF003E57DE /* treeMemo WatchKit Extension */,
				C3443990239DD95A00A33BA7 /* treeMemoTests */,
			);
		};
/* End PBXProject section */

/* Begin PBXResourcesBuildPhase section */
		C344398F239DD95A00A33BA7 /* Resources */ = {
			isa = PBXResourcesBuildPhase;
			buildActionMask = 2147483647;
			files = (
			);
			runOnlyForDeploymentPostprocessing = 0;
		};
		C3FF60C32383E1EC003E57DE /* Resources */ = {
			isa = PBXResourcesBuildPhase;
			buildActionMask = 2147483647;
			files = (
				C3FF60D52383E1EE003E57DE /* LaunchScreen.storyboard in Resources */,
				C3FF60D22383E1EE003E57DE /* Preview Assets.xcassets in Resources */,
				C3FF60CF2383E1EE003E57DE /* Assets.xcassets in Resources */,
			);
			runOnlyForDeploymentPostprocessing = 0;
		};
		C3FF60D72383E1EE003E57DE /* Resources */ = {
			isa = PBXResourcesBuildPhase;
			buildActionMask = 2147483647;
			files = (
				C3FF60E22383E1EF003E57DE /* Assets.xcassets in Resources */,
				C3FF60E02383E1EE003E57DE /* Interface.storyboard in Resources */,
			);
			runOnlyForDeploymentPostprocessing = 0;
		};
		C3FF60E62383E1EF003E57DE /* Resources */ = {
			isa = PBXResourcesBuildPhase;
			buildActionMask = 2147483647;
			files = (
				C3FF60FB2383E1EF003E57DE /* Preview Assets.xcassets in Resources */,
				C3FF60F82383E1EF003E57DE /* Assets.xcassets in Resources */,
			);
			runOnlyForDeploymentPostprocessing = 0;
		};
/* End PBXResourcesBuildPhase section */

/* Begin PBXSourcesBuildPhase section */
		C344398D239DD95A00A33BA7 /* Sources */ = {
			isa = PBXSourcesBuildPhase;
			buildActionMask = 2147483647;
			files = (
				C3443994239DD95A00A33BA7 /* treeMemoTests.swift in Sources */,
			);
			runOnlyForDeploymentPostprocessing = 0;
		};
		C3FF60C12383E1EC003E57DE /* Sources */ = {
			isa = PBXSourcesBuildPhase;
			buildActionMask = 2147483647;
			files = (
				C3FF611223862244003E57DE /* UIViewPreview.swift in Sources */,
				C3FF60C92383E1EC003E57DE /* AppDelegate.swift in Sources */,
				170FA2E1239CDBA8006A86BD /* UIViewController+TreeMemo.swift in Sources */,
				C34415D0238F5CB100F0FDD1 /* TreeMemoViewModel.swift in Sources */,
				170FA2E523AF3CF8006A86BD /* ImagePickerView.swift in Sources */,
				C30038BE239A4A5D001DB62F /* OQToggleView.swift in Sources */,
				170FA2E323A614C0006A86BD /* TextDetailView.swift in Sources */,
				C355BBEE2387C2780090F7CC /* BodyView.swift in Sources */,
				C34439E623A3726D00A33BA7 /* OQPickerView.swift in Sources */,
				C3FF611423862981003E57DE /* TreeNodeView.swift in Sources */,
				C36AC523238CCE9A00237549 /* TreeMemoState.swift in Sources */,
				C34439A0239F891A00A33BA7 /* KeyboardResponder.swift in Sources */,
				C3FF60CB2383E1EC003E57DE /* SceneDelegate.swift in Sources */,
				C3FF610C23853C88003E57DE /* TreeModel.swift in Sources */,
				C344399C239DDF3000A33BA7 /* OQTextFieldView.swift in Sources */,
				C344399E239F827E00A33BA7 /* OQIntFieldView.swift in Sources */,
				C3FF60CD2383E1EC003E57DE /* ContentView.swift in Sources */,
				C355BBEC2387C09A0090F7CC /* HeaderView.swift in Sources */,
				170FA2E723AF5273006A86BD /* OQImageViewerView.swift in Sources */,
			);
			runOnlyForDeploymentPostprocessing = 0;
		};
		C3FF60E42383E1EF003E57DE /* Sources */ = {
			isa = PBXSourcesBuildPhase;
			buildActionMask = 2147483647;
			files = (
				C3FF60F02383E1EF003E57DE /* HostingController.swift in Sources */,
				C3FF60EE2383E1EF003E57DE /* ContentView.swift in Sources */,
				C3FF60F42383E1EF003E57DE /* NotificationController.swift in Sources */,
				C3FF60F22383E1EF003E57DE /* ExtensionDelegate.swift in Sources */,
				C3FF60F62383E1EF003E57DE /* NotificationView.swift in Sources */,
			);
			runOnlyForDeploymentPostprocessing = 0;
		};
/* End PBXSourcesBuildPhase section */

/* Begin PBXTargetDependency section */
		C3443997239DD95A00A33BA7 /* PBXTargetDependency */ = {
			isa = PBXTargetDependency;
			target = C3FF60C42383E1EC003E57DE /* treeMemo */;
			targetProxy = C3443996239DD95A00A33BA7 /* PBXContainerItemProxy */;
		};
		C3FF60DC2383E1EE003E57DE /* PBXTargetDependency */ = {
			isa = PBXTargetDependency;
			target = C3FF60D82383E1EE003E57DE /* treeMemo WatchKit App */;
			targetProxy = C3FF60DB2383E1EE003E57DE /* PBXContainerItemProxy */;
		};
		C3FF60EB2383E1EF003E57DE /* PBXTargetDependency */ = {
			isa = PBXTargetDependency;
			target = C3FF60E72383E1EF003E57DE /* treeMemo WatchKit Extension */;
			targetProxy = C3FF60EA2383E1EF003E57DE /* PBXContainerItemProxy */;
		};
/* End PBXTargetDependency section */

/* Begin PBXVariantGroup section */
		C3FF60D32383E1EE003E57DE /* LaunchScreen.storyboard */ = {
			isa = PBXVariantGroup;
			children = (
				C3FF60D42383E1EE003E57DE /* Base */,
				C34439E723A37AA200A33BA7 /* zh-Hans */,
				C34439E923A37AAC00A33BA7 /* zh-Hant */,
				C34439EB23A37AB300A33BA7 /* ja */,
				C34439ED23A37ABB00A33BA7 /* es */,
				C34439EF23A37AC000A33BA7 /* fr */,
				C34439F123A37AC400A33BA7 /* de */,
				C34439F323A37AC900A33BA7 /* ru */,
				C34439F523A37ACE00A33BA7 /* it */,
				C34439F723A37AEE00A33BA7 /* ko */,
				C34439F923A37AFB00A33BA7 /* tr */,
				C34439FB23A37AFF00A33BA7 /* nl */,
				C34439FD23A37B0300A33BA7 /* ar */,
				C34439FF23A37B0900A33BA7 /* th */,
				C3443A0123A37B0E00A33BA7 /* sv */,
				C3443A0323A37B1200A33BA7 /* da */,
				C3443A0523A37B1600A33BA7 /* vi */,
				C3443A0723A37B1A00A33BA7 /* pl */,
				C3443A0923A37B1E00A33BA7 /* fi */,
				C3443A0B23A37B2300A33BA7 /* he */,
				C3443A0D23A37B2600A33BA7 /* id */,
				C3443A0F23A37B2D00A33BA7 /* el */,
				C3443A1123A37B3100A33BA7 /* ro */,
				C3443A1323A37B3900A33BA7 /* hi */,
				C3443A1523A37B4900A33BA7 /* hr */,
				C3443A1723A37B5000A33BA7 /* ms */,
				C3443A1923A37B5800A33BA7 /* hu */,
			);
			name = LaunchScreen.storyboard;
			sourceTree = "<group>";
		};
		C3FF60DE2383E1EE003E57DE /* Interface.storyboard */ = {
			isa = PBXVariantGroup;
			children = (
				C3FF60DF2383E1EE003E57DE /* Base */,
				C34439E823A37AA200A33BA7 /* zh-Hans */,
				C34439EA23A37AAC00A33BA7 /* zh-Hant */,
				C34439EC23A37AB300A33BA7 /* ja */,
				C34439EE23A37ABB00A33BA7 /* es */,
				C34439F023A37AC000A33BA7 /* fr */,
				C34439F223A37AC400A33BA7 /* de */,
				C34439F423A37AC900A33BA7 /* ru */,
				C34439F623A37ACE00A33BA7 /* it */,
				C34439F823A37AEF00A33BA7 /* ko */,
				C34439FA23A37AFB00A33BA7 /* tr */,
				C34439FC23A37AFF00A33BA7 /* nl */,
				C34439FE23A37B0300A33BA7 /* ar */,
				C3443A0023A37B0900A33BA7 /* th */,
				C3443A0223A37B0E00A33BA7 /* sv */,
				C3443A0423A37B1200A33BA7 /* da */,
				C3443A0623A37B1600A33BA7 /* vi */,
				C3443A0823A37B1A00A33BA7 /* pl */,
				C3443A0A23A37B1E00A33BA7 /* fi */,
				C3443A0C23A37B2300A33BA7 /* he */,
				C3443A0E23A37B2600A33BA7 /* id */,
				C3443A1023A37B2D00A33BA7 /* el */,
				C3443A1223A37B3200A33BA7 /* ro */,
				C3443A1423A37B3900A33BA7 /* hi */,
				C3443A1623A37B4900A33BA7 /* hr */,
				C3443A1823A37B5000A33BA7 /* ms */,
				C3443A1A23A37B5800A33BA7 /* hu */,
			);
			name = Interface.storyboard;
			sourceTree = "<group>";
		};
/* End PBXVariantGroup section */

/* Begin XCBuildConfiguration section */
		C3443999239DD95A00A33BA7 /* Debug */ = {
			isa = XCBuildConfiguration;
			buildSettings = {
				BUNDLE_LOADER = "$(TEST_HOST)";
				CODE_SIGN_STYLE = Automatic;
				DEVELOPMENT_TEAM = Z97K7ZHNKX;
				INFOPLIST_FILE = treeMemoTests/Info.plist;
				IPHONEOS_DEPLOYMENT_TARGET = 13.0;
				LD_RUNPATH_SEARCH_PATHS = (
					"$(inherited)",
					"@executable_path/Frameworks",
					"@loader_path/Frameworks",
				);
				PRODUCT_BUNDLE_IDENTIFIER = com.oq.treeMemoTests;
				PRODUCT_NAME = "$(TARGET_NAME)";
				SWIFT_VERSION = 5.0;
				TARGETED_DEVICE_FAMILY = "1,2";
				TEST_HOST = "$(BUILT_PRODUCTS_DIR)/treeMemo.app/treeMemo";
			};
			name = Debug;
		};
		C344399A239DD95A00A33BA7 /* Release */ = {
			isa = XCBuildConfiguration;
			buildSettings = {
				BUNDLE_LOADER = "$(TEST_HOST)";
				CODE_SIGN_STYLE = Automatic;
				DEVELOPMENT_TEAM = Z97K7ZHNKX;
				INFOPLIST_FILE = treeMemoTests/Info.plist;
				IPHONEOS_DEPLOYMENT_TARGET = 13.0;
				LD_RUNPATH_SEARCH_PATHS = (
					"$(inherited)",
					"@executable_path/Frameworks",
					"@loader_path/Frameworks",
				);
				PRODUCT_BUNDLE_IDENTIFIER = com.oq.treeMemoTests;
				PRODUCT_NAME = "$(TARGET_NAME)";
				SWIFT_VERSION = 5.0;
				TARGETED_DEVICE_FAMILY = "1,2";
				TEST_HOST = "$(BUILT_PRODUCTS_DIR)/treeMemo.app/treeMemo";
			};
			name = Release;
		};
		C3FF60FE2383E1EF003E57DE /* Debug */ = {
			isa = XCBuildConfiguration;
			buildSettings = {
				ALWAYS_SEARCH_USER_PATHS = NO;
				CLANG_ANALYZER_LOCALIZABILITY_NONLOCALIZED = YES;
				CLANG_ANALYZER_NONNULL = YES;
				CLANG_ANALYZER_NUMBER_OBJECT_CONVERSION = YES_AGGRESSIVE;
				CLANG_CXX_LANGUAGE_STANDARD = "gnu++14";
				CLANG_CXX_LIBRARY = "libc++";
				CLANG_ENABLE_MODULES = YES;
				CLANG_ENABLE_OBJC_ARC = YES;
				CLANG_ENABLE_OBJC_WEAK = YES;
				CLANG_WARN_BLOCK_CAPTURE_AUTORELEASING = YES;
				CLANG_WARN_BOOL_CONVERSION = YES;
				CLANG_WARN_COMMA = YES;
				CLANG_WARN_CONSTANT_CONVERSION = YES;
				CLANG_WARN_DEPRECATED_OBJC_IMPLEMENTATIONS = YES;
				CLANG_WARN_DIRECT_OBJC_ISA_USAGE = YES_ERROR;
				CLANG_WARN_DOCUMENTATION_COMMENTS = YES;
				CLANG_WARN_EMPTY_BODY = YES;
				CLANG_WARN_ENUM_CONVERSION = YES;
				CLANG_WARN_INFINITE_RECURSION = YES;
				CLANG_WARN_INT_CONVERSION = YES;
				CLANG_WARN_NON_LITERAL_NULL_CONVERSION = YES;
				CLANG_WARN_OBJC_IMPLICIT_RETAIN_SELF = YES;
				CLANG_WARN_OBJC_LITERAL_CONVERSION = YES;
				CLANG_WARN_OBJC_ROOT_CLASS = YES_ERROR;
				CLANG_WARN_RANGE_LOOP_ANALYSIS = YES;
				CLANG_WARN_STRICT_PROTOTYPES = YES;
				CLANG_WARN_SUSPICIOUS_MOVE = YES;
				CLANG_WARN_UNGUARDED_AVAILABILITY = YES_AGGRESSIVE;
				CLANG_WARN_UNREACHABLE_CODE = YES;
				CLANG_WARN__DUPLICATE_METHOD_MATCH = YES;
				COPY_PHASE_STRIP = NO;
				DEBUG_INFORMATION_FORMAT = dwarf;
				ENABLE_STRICT_OBJC_MSGSEND = YES;
				ENABLE_TESTABILITY = YES;
				GCC_C_LANGUAGE_STANDARD = gnu11;
				GCC_DYNAMIC_NO_PIC = NO;
				GCC_NO_COMMON_BLOCKS = YES;
				GCC_OPTIMIZATION_LEVEL = 0;
				GCC_PREPROCESSOR_DEFINITIONS = (
					"DEBUG=1",
					"$(inherited)",
				);
				GCC_WARN_64_TO_32_BIT_CONVERSION = YES;
				GCC_WARN_ABOUT_RETURN_TYPE = YES_ERROR;
				GCC_WARN_UNDECLARED_SELECTOR = YES;
				GCC_WARN_UNINITIALIZED_AUTOS = YES_AGGRESSIVE;
				GCC_WARN_UNUSED_FUNCTION = YES;
				GCC_WARN_UNUSED_VARIABLE = YES;
				IPHONEOS_DEPLOYMENT_TARGET = 13.0;
				MTL_ENABLE_DEBUG_INFO = INCLUDE_SOURCE;
				MTL_FAST_MATH = YES;
				ONLY_ACTIVE_ARCH = YES;
				SDKROOT = iphoneos;
				SWIFT_ACTIVE_COMPILATION_CONDITIONS = DEBUG;
				SWIFT_OPTIMIZATION_LEVEL = "-Onone";
			};
			name = Debug;
		};
		C3FF60FF2383E1EF003E57DE /* Release */ = {
			isa = XCBuildConfiguration;
			buildSettings = {
				ALWAYS_SEARCH_USER_PATHS = NO;
				CLANG_ANALYZER_LOCALIZABILITY_NONLOCALIZED = YES;
				CLANG_ANALYZER_NONNULL = YES;
				CLANG_ANALYZER_NUMBER_OBJECT_CONVERSION = YES_AGGRESSIVE;
				CLANG_CXX_LANGUAGE_STANDARD = "gnu++14";
				CLANG_CXX_LIBRARY = "libc++";
				CLANG_ENABLE_MODULES = YES;
				CLANG_ENABLE_OBJC_ARC = YES;
				CLANG_ENABLE_OBJC_WEAK = YES;
				CLANG_WARN_BLOCK_CAPTURE_AUTORELEASING = YES;
				CLANG_WARN_BOOL_CONVERSION = YES;
				CLANG_WARN_COMMA = YES;
				CLANG_WARN_CONSTANT_CONVERSION = YES;
				CLANG_WARN_DEPRECATED_OBJC_IMPLEMENTATIONS = YES;
				CLANG_WARN_DIRECT_OBJC_ISA_USAGE = YES_ERROR;
				CLANG_WARN_DOCUMENTATION_COMMENTS = YES;
				CLANG_WARN_EMPTY_BODY = YES;
				CLANG_WARN_ENUM_CONVERSION = YES;
				CLANG_WARN_INFINITE_RECURSION = YES;
				CLANG_WARN_INT_CONVERSION = YES;
				CLANG_WARN_NON_LITERAL_NULL_CONVERSION = YES;
				CLANG_WARN_OBJC_IMPLICIT_RETAIN_SELF = YES;
				CLANG_WARN_OBJC_LITERAL_CONVERSION = YES;
				CLANG_WARN_OBJC_ROOT_CLASS = YES_ERROR;
				CLANG_WARN_RANGE_LOOP_ANALYSIS = YES;
				CLANG_WARN_STRICT_PROTOTYPES = YES;
				CLANG_WARN_SUSPICIOUS_MOVE = YES;
				CLANG_WARN_UNGUARDED_AVAILABILITY = YES_AGGRESSIVE;
				CLANG_WARN_UNREACHABLE_CODE = YES;
				CLANG_WARN__DUPLICATE_METHOD_MATCH = YES;
				COPY_PHASE_STRIP = NO;
				DEBUG_INFORMATION_FORMAT = "dwarf-with-dsym";
				ENABLE_NS_ASSERTIONS = NO;
				ENABLE_STRICT_OBJC_MSGSEND = YES;
				GCC_C_LANGUAGE_STANDARD = gnu11;
				GCC_NO_COMMON_BLOCKS = YES;
				GCC_WARN_64_TO_32_BIT_CONVERSION = YES;
				GCC_WARN_ABOUT_RETURN_TYPE = YES_ERROR;
				GCC_WARN_UNDECLARED_SELECTOR = YES;
				GCC_WARN_UNINITIALIZED_AUTOS = YES_AGGRESSIVE;
				GCC_WARN_UNUSED_FUNCTION = YES;
				GCC_WARN_UNUSED_VARIABLE = YES;
				IPHONEOS_DEPLOYMENT_TARGET = 13.0;
				MTL_ENABLE_DEBUG_INFO = NO;
				MTL_FAST_MATH = YES;
				SDKROOT = iphoneos;
				SWIFT_COMPILATION_MODE = wholemodule;
				SWIFT_OPTIMIZATION_LEVEL = "-O";
				VALIDATE_PRODUCT = YES;
			};
			name = Release;
		};
		C3FF61012383E1EF003E57DE /* Debug */ = {
			isa = XCBuildConfiguration;
			buildSettings = {
				ASSETCATALOG_COMPILER_COMPLICATION_NAME = Complication;
				CODE_SIGN_STYLE = Automatic;
				DEVELOPMENT_ASSET_PATHS = "\"treeMemo WatchKit Extension/Preview Content\"";
				DEVELOPMENT_TEAM = Z97K7ZHNKX;
				ENABLE_PREVIEWS = YES;
				INFOPLIST_FILE = "treeMemo WatchKit Extension/Info.plist";
				LD_RUNPATH_SEARCH_PATHS = (
					"$(inherited)",
					"@executable_path/Frameworks",
					"@executable_path/../../Frameworks",
				);
				PRODUCT_BUNDLE_IDENTIFIER = com.oq.treeMemo.watchkitapp.watchkitextension;
				PRODUCT_NAME = "${TARGET_NAME}";
				SDKROOT = watchos;
				SKIP_INSTALL = YES;
				SWIFT_VERSION = 5.0;
				TARGETED_DEVICE_FAMILY = 4;
				WATCHOS_DEPLOYMENT_TARGET = 6.0;
			};
			name = Debug;
		};
		C3FF61022383E1EF003E57DE /* Release */ = {
			isa = XCBuildConfiguration;
			buildSettings = {
				ASSETCATALOG_COMPILER_COMPLICATION_NAME = Complication;
				CODE_SIGN_STYLE = Automatic;
				DEVELOPMENT_ASSET_PATHS = "\"treeMemo WatchKit Extension/Preview Content\"";
				DEVELOPMENT_TEAM = Z97K7ZHNKX;
				ENABLE_PREVIEWS = YES;
				INFOPLIST_FILE = "treeMemo WatchKit Extension/Info.plist";
				LD_RUNPATH_SEARCH_PATHS = (
					"$(inherited)",
					"@executable_path/Frameworks",
					"@executable_path/../../Frameworks",
				);
				PRODUCT_BUNDLE_IDENTIFIER = com.oq.treeMemo.watchkitapp.watchkitextension;
				PRODUCT_NAME = "${TARGET_NAME}";
				SDKROOT = watchos;
				SKIP_INSTALL = YES;
				SWIFT_VERSION = 5.0;
				TARGETED_DEVICE_FAMILY = 4;
				WATCHOS_DEPLOYMENT_TARGET = 6.0;
			};
			name = Release;
		};
		C3FF61052383E1EF003E57DE /* Debug */ = {
			isa = XCBuildConfiguration;
			buildSettings = {
				ALWAYS_EMBED_SWIFT_STANDARD_LIBRARIES = YES;
				ASSETCATALOG_COMPILER_APPICON_NAME = AppIcon;
				CODE_SIGN_STYLE = Automatic;
				DEVELOPMENT_TEAM = Z97K7ZHNKX;
				IBSC_MODULE = treeMemo_WatchKit_Extension;
				INFOPLIST_FILE = "treeMemo WatchKit App/Info.plist";
				PRODUCT_BUNDLE_IDENTIFIER = com.oq.treeMemo.watchkitapp;
				PRODUCT_NAME = "$(TARGET_NAME)";
				SDKROOT = watchos;
				SKIP_INSTALL = YES;
				SWIFT_VERSION = 5.0;
				TARGETED_DEVICE_FAMILY = 4;
				WATCHOS_DEPLOYMENT_TARGET = 6.0;
			};
			name = Debug;
		};
		C3FF61062383E1EF003E57DE /* Release */ = {
			isa = XCBuildConfiguration;
			buildSettings = {
				ALWAYS_EMBED_SWIFT_STANDARD_LIBRARIES = YES;
				ASSETCATALOG_COMPILER_APPICON_NAME = AppIcon;
				CODE_SIGN_STYLE = Automatic;
				DEVELOPMENT_TEAM = Z97K7ZHNKX;
				IBSC_MODULE = treeMemo_WatchKit_Extension;
				INFOPLIST_FILE = "treeMemo WatchKit App/Info.plist";
				PRODUCT_BUNDLE_IDENTIFIER = com.oq.treeMemo.watchkitapp;
				PRODUCT_NAME = "$(TARGET_NAME)";
				SDKROOT = watchos;
				SKIP_INSTALL = YES;
				SWIFT_VERSION = 5.0;
				TARGETED_DEVICE_FAMILY = 4;
				WATCHOS_DEPLOYMENT_TARGET = 6.0;
			};
			name = Release;
		};
		C3FF61092383E1EF003E57DE /* Debug */ = {
			isa = XCBuildConfiguration;
			buildSettings = {
				ASSETCATALOG_COMPILER_APPICON_NAME = AppIcon;
				CODE_SIGN_STYLE = Automatic;
				DEVELOPMENT_ASSET_PATHS = "\"treeMemo/Preview Content\"";
				DEVELOPMENT_TEAM = Z97K7ZHNKX;
				ENABLE_PREVIEWS = YES;
				INFOPLIST_FILE = treeMemo/Info.plist;
				LD_RUNPATH_SEARCH_PATHS = (
					"$(inherited)",
					"@executable_path/Frameworks",
				);
				PRODUCT_BUNDLE_IDENTIFIER = com.oq.treeMemo;
				PRODUCT_NAME = "$(TARGET_NAME)";
				SWIFT_VERSION = 5.0;
				TARGETED_DEVICE_FAMILY = "1,2";
			};
			name = Debug;
		};
		C3FF610A2383E1EF003E57DE /* Release */ = {
			isa = XCBuildConfiguration;
			buildSettings = {
				ASSETCATALOG_COMPILER_APPICON_NAME = AppIcon;
				CODE_SIGN_STYLE = Automatic;
				DEVELOPMENT_ASSET_PATHS = "\"treeMemo/Preview Content\"";
				DEVELOPMENT_TEAM = Z97K7ZHNKX;
				ENABLE_PREVIEWS = YES;
				INFOPLIST_FILE = treeMemo/Info.plist;
				LD_RUNPATH_SEARCH_PATHS = (
					"$(inherited)",
					"@executable_path/Frameworks",
				);
				PRODUCT_BUNDLE_IDENTIFIER = com.oq.treeMemo;
				PRODUCT_NAME = "$(TARGET_NAME)";
				SWIFT_VERSION = 5.0;
				TARGETED_DEVICE_FAMILY = "1,2";
			};
			name = Release;
		};
/* End XCBuildConfiguration section */

/* Begin XCConfigurationList section */
		C3443998239DD95A00A33BA7 /* Build configuration list for PBXNativeTarget "treeMemoTests" */ = {
			isa = XCConfigurationList;
			buildConfigurations = (
				C3443999239DD95A00A33BA7 /* Debug */,
				C344399A239DD95A00A33BA7 /* Release */,
			);
			defaultConfigurationIsVisible = 0;
			defaultConfigurationName = Release;
		};
		C3FF60C02383E1EC003E57DE /* Build configuration list for PBXProject "treeMemo" */ = {
			isa = XCConfigurationList;
			buildConfigurations = (
				C3FF60FE2383E1EF003E57DE /* Debug */,
				C3FF60FF2383E1EF003E57DE /* Release */,
			);
			defaultConfigurationIsVisible = 0;
			defaultConfigurationName = Release;
		};
		C3FF61002383E1EF003E57DE /* Build configuration list for PBXNativeTarget "treeMemo WatchKit Extension" */ = {
			isa = XCConfigurationList;
			buildConfigurations = (
				C3FF61012383E1EF003E57DE /* Debug */,
				C3FF61022383E1EF003E57DE /* Release */,
			);
			defaultConfigurationIsVisible = 0;
			defaultConfigurationName = Release;
		};
		C3FF61042383E1EF003E57DE /* Build configuration list for PBXNativeTarget "treeMemo WatchKit App" */ = {
			isa = XCConfigurationList;
			buildConfigurations = (
				C3FF61052383E1EF003E57DE /* Debug */,
				C3FF61062383E1EF003E57DE /* Release */,
			);
			defaultConfigurationIsVisible = 0;
			defaultConfigurationName = Release;
		};
		C3FF61082383E1EF003E57DE /* Build configuration list for PBXNativeTarget "treeMemo" */ = {
			isa = XCConfigurationList;
			buildConfigurations = (
				C3FF61092383E1EF003E57DE /* Debug */,
				C3FF610A2383E1EF003E57DE /* Release */,
			);
			defaultConfigurationIsVisible = 0;
			defaultConfigurationName = Release;
		};
/* End XCConfigurationList section */
	};
	rootObject = C3FF60BD2383E1EC003E57DE /* Project object */;
}
