// !$*UTF8*$!
{
	archiveVersion = 1;
	classes = {
	};
	objectVersion = 50;
	objects = {

/* Begin PBXBuildFile section */
		170FA2E1239CDBA8006A86BD /* UIViewController+TreeMemo.swift in Sources */ = {isa = PBXBuildFile; fileRef = 170FA2E0239CDBA8006A86BD /* UIViewController+TreeMemo.swift */; };
		170FA2E323A614C0006A86BD /* TextDetailView.swift in Sources */ = {isa = PBXBuildFile; fileRef = 170FA2E223A614C0006A86BD /* TextDetailView.swift */; };
		170FA2E523AF3CF8006A86BD /* ImagePickerView.swift in Sources */ = {isa = PBXBuildFile; fileRef = 170FA2E423AF3CF8006A86BD /* ImagePickerView.swift */; };
		170FA2F123B87A8C006A86BD /* NSLayoutConstraint+.swift in Sources */ = {isa = PBXBuildFile; fileRef = 170FA2E923B87A8C006A86BD /* NSLayoutConstraint+.swift */; };
		170FA2F223B87A8C006A86BD /* UIView+.swift in Sources */ = {isa = PBXBuildFile; fileRef = 170FA2EA23B87A8C006A86BD /* UIView+.swift */; };
		170FA2F323B87A8C006A86BD /* BezierPath+.swift in Sources */ = {isa = PBXBuildFile; fileRef = 170FA2EB23B87A8C006A86BD /* BezierPath+.swift */; };
		170FA2F423B87A8C006A86BD /* LineButton.swift in Sources */ = {isa = PBXBuildFile; fileRef = 170FA2EC23B87A8C006A86BD /* LineButton.swift */; };
		170FA2F523B87A8C006A86BD /* UIImageView+.swift in Sources */ = {isa = PBXBuildFile; fileRef = 170FA2ED23B87A8C006A86BD /* UIImageView+.swift */; };
		170FA2F623B87A8C006A86BD /* CropDimView.swift in Sources */ = {isa = PBXBuildFile; fileRef = 170FA2EE23B87A8C006A86BD /* CropDimView.swift */; };
		170FA2F723B87A8C006A86BD /* CropView.swift in Sources */ = {isa = PBXBuildFile; fileRef = 170FA2EF23B87A8C006A86BD /* CropView.swift */; };
		170FA2F823B87A8C006A86BD /* CropPickerView.swift in Sources */ = {isa = PBXBuildFile; fileRef = 170FA2F023B87A8C006A86BD /* CropPickerView.swift */; };
		170FA2FB23B87BCC006A86BD /* OQImageViewController.swift in Sources */ = {isa = PBXBuildFile; fileRef = 170FA2F923B87BCC006A86BD /* OQImageViewController.swift */; };
		170FA2FC23B87BCC006A86BD /* OQImageViewController.xib in Resources */ = {isa = PBXBuildFile; fileRef = 170FA2FA23B87BCC006A86BD /* OQImageViewController.xib */; };
		170FA2FE23B8813F006A86BD /* Combine+OQ.swift in Sources */ = {isa = PBXBuildFile; fileRef = 170FA2FD23B8813F006A86BD /* Combine+OQ.swift */; };
		17E86D1224222C9E00D2CB19 /* WatchAlertState.swift in Sources */ = {isa = PBXBuildFile; fileRef = 17E86D1124222C9E00D2CB19 /* WatchAlertState.swift */; };
		17ED24BF23DD881600538988 /* SideMenuView.swift in Sources */ = {isa = PBXBuildFile; fileRef = 17ED24BE23DD881600538988 /* SideMenuView.swift */; };
		17ED24C123DD8E8F00538988 /* EnvironmentState.swift in Sources */ = {isa = PBXBuildFile; fileRef = 17ED24C023DD8E8F00538988 /* EnvironmentState.swift */; };
		17ED24C323DD9D8D00538988 /* CircleImageView.swift in Sources */ = {isa = PBXBuildFile; fileRef = 17ED24C223DD9D8D00538988 /* CircleImageView.swift */; };
		60AD6BE10826625625DEDEBC /* libPods-treeMemo.a in Frameworks */ = {isa = PBXBuildFile; fileRef = FAE377527E9DFC77BEB4760B /* libPods-treeMemo.a */; };
		C30038BE239A4A5D001DB62F /* OQToggleView.swift in Sources */ = {isa = PBXBuildFile; fileRef = C30038BD239A4A5D001DB62F /* OQToggleView.swift */; };
		C30D9F74240CAF3B00C60019 /* WatchInputNumberView.swift in Sources */ = {isa = PBXBuildFile; fileRef = C30D9F73240CAF3A00C60019 /* WatchInputNumberView.swift */; };
		C312396E23FD1AC900E4D82B /* Interface.storyboard in Resources */ = {isa = PBXBuildFile; fileRef = C312396C23FD1AC900E4D82B /* Interface.storyboard */; };
		C312397023FD1ACB00E4D82B /* Assets.xcassets in Resources */ = {isa = PBXBuildFile; fileRef = C312396F23FD1ACB00E4D82B /* Assets.xcassets */; };
		C312397723FD1ACB00E4D82B /* TreeMemoForWatch Extension.appex in Embed App Extensions */ = {isa = PBXBuildFile; fileRef = C312397623FD1ACB00E4D82B /* TreeMemoForWatch Extension.appex */; settings = {ATTRIBUTES = (RemoveHeadersOnCopy, ); }; };
		C312397C23FD1ACB00E4D82B /* ContentView.swift in Sources */ = {isa = PBXBuildFile; fileRef = C312397B23FD1ACB00E4D82B /* ContentView.swift */; };
		C312397E23FD1ACB00E4D82B /* HostingController.swift in Sources */ = {isa = PBXBuildFile; fileRef = C312397D23FD1ACB00E4D82B /* HostingController.swift */; };
		C312398023FD1ACB00E4D82B /* ExtensionDelegate.swift in Sources */ = {isa = PBXBuildFile; fileRef = C312397F23FD1ACB00E4D82B /* ExtensionDelegate.swift */; };
		C312398223FD1ACB00E4D82B /* NotificationController.swift in Sources */ = {isa = PBXBuildFile; fileRef = C312398123FD1ACB00E4D82B /* NotificationController.swift */; };
		C312398423FD1ACB00E4D82B /* NotificationView.swift in Sources */ = {isa = PBXBuildFile; fileRef = C312398323FD1ACB00E4D82B /* NotificationView.swift */; };
		C312398623FD1ACB00E4D82B /* ComplicationController.swift in Sources */ = {isa = PBXBuildFile; fileRef = C312398523FD1ACB00E4D82B /* ComplicationController.swift */; };
		C312398823FD1ACB00E4D82B /* Assets.xcassets in Resources */ = {isa = PBXBuildFile; fileRef = C312398723FD1ACB00E4D82B /* Assets.xcassets */; };
		C312398B23FD1ACB00E4D82B /* Preview Assets.xcassets in Resources */ = {isa = PBXBuildFile; fileRef = C312398A23FD1ACB00E4D82B /* Preview Assets.xcassets */; };
		C312399023FD1ACB00E4D82B /* TreeMemoForWatch.app in Embed Watch Content */ = {isa = PBXBuildFile; fileRef = C312396A23FD1AC900E4D82B /* TreeMemoForWatch.app */; settings = {ATTRIBUTES = (RemoveHeadersOnCopy, ); }; };
		C312399923FD1C0C00E4D82B /* TreeMemoState.swift in Sources */ = {isa = PBXBuildFile; fileRef = C36AC522238CCE9A00237549 /* TreeMemoState.swift */; };
		C312399C23FD1C0C00E4D82B /* EnvironmentState.swift in Sources */ = {isa = PBXBuildFile; fileRef = 17ED24C023DD8E8F00538988 /* EnvironmentState.swift */; };
		C312399F23FD1C3200E4D82B /* TreeModel.swift in Sources */ = {isa = PBXBuildFile; fileRef = C3FF610B23853C88003E57DE /* TreeModel.swift */; };
		C31239A123FD1C8500E4D82B /* BodyView.swift in Sources */ = {isa = PBXBuildFile; fileRef = C31239A023FD1C8500E4D82B /* BodyView.swift */; };
		C31239A323FD1E3400E4D82B /* TreeNodeView.swift in Sources */ = {isa = PBXBuildFile; fileRef = C31239A223FD1E3400E4D82B /* TreeNodeView.swift */; };
		C31239A823FD333500E4D82B /* TreeMemoWCSession.swift in Sources */ = {isa = PBXBuildFile; fileRef = C31239A723FD333500E4D82B /* TreeMemoWCSession.swift */; };
		C31239A923FD333700E4D82B /* TreeMemoWCSession.swift in Sources */ = {isa = PBXBuildFile; fileRef = C31239A723FD333500E4D82B /* TreeMemoWCSession.swift */; };
		C31C6CD4241B300D0088632D /* CloudManager.swift in Sources */ = {isa = PBXBuildFile; fileRef = C31C6CD3241B300D0088632D /* CloudManager.swift */; };
		C31C6CD8241B49F10088632D /* CloudKit.framework in Frameworks */ = {isa = PBXBuildFile; fileRef = C31C6CD7241B49F10088632D /* CloudKit.framework */; };
		C31C6CDA241B73C80088632D /* CloudKit.framework in Frameworks */ = {isa = PBXBuildFile; fileRef = C31C6CD9241B73C80088632D /* CloudKit.framework */; };
		C31C6CDD241F53620088632D /* Cocen+UIImage.swift in Sources */ = {isa = PBXBuildFile; fileRef = C31C6CDC241F53620088632D /* Cocen+UIImage.swift */; };
		C31C6CDE241F54290088632D /* Cocen+UIImage.swift in Sources */ = {isa = PBXBuildFile; fileRef = C31C6CDC241F53620088632D /* Cocen+UIImage.swift */; };
		C31C6CE0241F5C910088632D /* PinWheelView.swift in Sources */ = {isa = PBXBuildFile; fileRef = C31C6CDF241F5C910088632D /* PinWheelView.swift */; };
		C31C6CE42420740A0088632D /* WatchLongTextView.swift in Sources */ = {isa = PBXBuildFile; fileRef = C31C6CE32420740A0088632D /* WatchLongTextView.swift */; };
		C31C6CEE2420BF8B0088632D /* AppDelegate.swift in Sources */ = {isa = PBXBuildFile; fileRef = C31C6CED2420BF8B0088632D /* AppDelegate.swift */; };
		C31C6CF22420BF8D0088632D /* Assets.xcassets in Resources */ = {isa = PBXBuildFile; fileRef = C31C6CF12420BF8D0088632D /* Assets.xcassets */; };
		C31C6CF52420BF8D0088632D /* Preview Assets.xcassets in Resources */ = {isa = PBXBuildFile; fileRef = C31C6CF42420BF8D0088632D /* Preview Assets.xcassets */; };
		C31C6CF82420BF8D0088632D /* Main.storyboard in Resources */ = {isa = PBXBuildFile; fileRef = C31C6CF62420BF8D0088632D /* Main.storyboard */; };
		C31C6D012420C06D0088632D /* EnvironmentState.swift in Sources */ = {isa = PBXBuildFile; fileRef = 17ED24C023DD8E8F00538988 /* EnvironmentState.swift */; };
		C31C6D022420C0950088632D /* CloudManager.swift in Sources */ = {isa = PBXBuildFile; fileRef = C31C6CD3241B300D0088632D /* CloudManager.swift */; };
		C31C6D032420C0D50088632D /* OQToggleView.swift in Sources */ = {isa = PBXBuildFile; fileRef = C30038BD239A4A5D001DB62F /* OQToggleView.swift */; };
		C31C6D062420C0E30088632D /* CircleImageView.swift in Sources */ = {isa = PBXBuildFile; fileRef = 17ED24C223DD9D8D00538988 /* CircleImageView.swift */; };
		C31C6D072420C0EA0088632D /* ContentView.swift in Sources */ = {isa = PBXBuildFile; fileRef = C3FF60CC2383E1EC003E57DE /* ContentView.swift */; };
		C31C6D092420C0EA0088632D /* HeaderView.swift in Sources */ = {isa = PBXBuildFile; fileRef = C355BBEB2387C09A0090F7CC /* HeaderView.swift */; };
		C31C6D0C2420C0EA0088632D /* SideMenuView.swift in Sources */ = {isa = PBXBuildFile; fileRef = 17ED24BE23DD881600538988 /* SideMenuView.swift */; };
		C31C6D0E2420C0F70088632D /* TreeModel.swift in Sources */ = {isa = PBXBuildFile; fileRef = C3FF610B23853C88003E57DE /* TreeModel.swift */; };
		C34415D0238F5CB100F0FDD1 /* TreeMemoViewModel.swift in Sources */ = {isa = PBXBuildFile; fileRef = C34415CF238F5CB100F0FDD1 /* TreeMemoViewModel.swift */; };
		C3443994239DD95A00A33BA7 /* treeMemoTests.swift in Sources */ = {isa = PBXBuildFile; fileRef = C3443993239DD95A00A33BA7 /* treeMemoTests.swift */; };
		C344399C239DDF3000A33BA7 /* OQTextFieldView.swift in Sources */ = {isa = PBXBuildFile; fileRef = C344399B239DDF3000A33BA7 /* OQTextFieldView.swift */; };
		C34439A0239F891A00A33BA7 /* KeyboardResponder.swift in Sources */ = {isa = PBXBuildFile; fileRef = C344399F239F891A00A33BA7 /* KeyboardResponder.swift */; };
		C34439E623A3726D00A33BA7 /* OQPickerView.swift in Sources */ = {isa = PBXBuildFile; fileRef = C34439E523A3726D00A33BA7 /* OQPickerView.swift */; };
		C355BBEC2387C09A0090F7CC /* HeaderView.swift in Sources */ = {isa = PBXBuildFile; fileRef = C355BBEB2387C09A0090F7CC /* HeaderView.swift */; };
		C355BBEE2387C2780090F7CC /* BodyView.swift in Sources */ = {isa = PBXBuildFile; fileRef = C355BBED2387C2780090F7CC /* BodyView.swift */; };
		C36AC523238CCE9A00237549 /* TreeMemoState.swift in Sources */ = {isa = PBXBuildFile; fileRef = C36AC522238CCE9A00237549 /* TreeMemoState.swift */; };
		C3C82027243EE39500F554A4 /* Cocen+String.swift in Sources */ = {isa = PBXBuildFile; fileRef = C3C82026243EE39500F554A4 /* Cocen+String.swift */; };
		C3C82028243EE39F00F554A4 /* Cocen+String.swift in Sources */ = {isa = PBXBuildFile; fileRef = C3C82026243EE39500F554A4 /* Cocen+String.swift */; };
		C3C8202C243EEF7300F554A4 /* IAPHelper.swift in Sources */ = {isa = PBXBuildFile; fileRef = C3C8202A243EEF7300F554A4 /* IAPHelper.swift */; };
		C3C8202D243EEF7300F554A4 /* PremiumProducts.swift in Sources */ = {isa = PBXBuildFile; fileRef = C3C8202B243EEF7300F554A4 /* PremiumProducts.swift */; };
		C3C8202F243EEFF000F554A4 /* StoreKit.framework in Frameworks */ = {isa = PBXBuildFile; fileRef = C3C8202E243EEFF000F554A4 /* StoreKit.framework */; };
		C3C82031243EF5BF00F554A4 /* Dialog.swift in Sources */ = {isa = PBXBuildFile; fileRef = C3C82030243EF5BF00F554A4 /* Dialog.swift */; };
		C3CDC2A62408F732005A7CF9 /* WatchInputFieldView.swift in Sources */ = {isa = PBXBuildFile; fileRef = C3CDC2A52408F732005A7CF9 /* WatchInputFieldView.swift */; };
		C3EAB80B244011AA0054F7EF /* macOS+Extension.swift in Sources */ = {isa = PBXBuildFile; fileRef = C3EAB80924400C200054F7EF /* macOS+Extension.swift */; };
		C3EAB80E244012FD0054F7EF /* IndicatorView.swift in Sources */ = {isa = PBXBuildFile; fileRef = C3EAB80D244012FC0054F7EF /* IndicatorView.swift */; };
		C3EAB80F244014970054F7EF /* IAPHelper.swift in Sources */ = {isa = PBXBuildFile; fileRef = C3C8202A243EEF7300F554A4 /* IAPHelper.swift */; };
		C3EAB810244014970054F7EF /* PremiumProducts.swift in Sources */ = {isa = PBXBuildFile; fileRef = C3C8202B243EEF7300F554A4 /* PremiumProducts.swift */; };
		C3EAB811244014F50054F7EF /* TreeMemoState.swift in Sources */ = {isa = PBXBuildFile; fileRef = C36AC522238CCE9A00237549 /* TreeMemoState.swift */; };
		C3EAB81224401AD30054F7EF /* BodyView.swift in Sources */ = {isa = PBXBuildFile; fileRef = C355BBED2387C2780090F7CC /* BodyView.swift */; };
		C3EAB81424401B550054F7EF /* TreeNodeView.swift in Sources */ = {isa = PBXBuildFile; fileRef = C3EAB81324401B550054F7EF /* TreeNodeView.swift */; };
		C3EAB81624403AE40054F7EF /* StoreKit.framework in Frameworks */ = {isa = PBXBuildFile; fileRef = C3EAB81524403AE40054F7EF /* StoreKit.framework */; };
		C3EAB81824403AE90054F7EF /* CloudKit.framework in Frameworks */ = {isa = PBXBuildFile; fileRef = C3EAB81724403AE90054F7EF /* CloudKit.framework */; };
		C3FF60C92383E1EC003E57DE /* AppDelegate.swift in Sources */ = {isa = PBXBuildFile; fileRef = C3FF60C82383E1EC003E57DE /* AppDelegate.swift */; };
		C3FF60CB2383E1EC003E57DE /* SceneDelegate.swift in Sources */ = {isa = PBXBuildFile; fileRef = C3FF60CA2383E1EC003E57DE /* SceneDelegate.swift */; };
		C3FF60CD2383E1EC003E57DE /* ContentView.swift in Sources */ = {isa = PBXBuildFile; fileRef = C3FF60CC2383E1EC003E57DE /* ContentView.swift */; };
		C3FF60CF2383E1EE003E57DE /* Assets.xcassets in Resources */ = {isa = PBXBuildFile; fileRef = C3FF60CE2383E1EE003E57DE /* Assets.xcassets */; };
		C3FF60D22383E1EE003E57DE /* Preview Assets.xcassets in Resources */ = {isa = PBXBuildFile; fileRef = C3FF60D12383E1EE003E57DE /* Preview Assets.xcassets */; };
		C3FF60D52383E1EE003E57DE /* LaunchScreen.storyboard in Resources */ = {isa = PBXBuildFile; fileRef = C3FF60D32383E1EE003E57DE /* LaunchScreen.storyboard */; };
		C3FF610C23853C88003E57DE /* TreeModel.swift in Sources */ = {isa = PBXBuildFile; fileRef = C3FF610B23853C88003E57DE /* TreeModel.swift */; };
		C3FF611223862244003E57DE /* UIViewPreview.swift in Sources */ = {isa = PBXBuildFile; fileRef = C3FF611123862244003E57DE /* UIViewPreview.swift */; };
		C3FF611423862981003E57DE /* TreeNodeView.swift in Sources */ = {isa = PBXBuildFile; fileRef = C3FF611323862981003E57DE /* TreeNodeView.swift */; };
/* End PBXBuildFile section */

/* Begin PBXContainerItemProxy section */
		C312397823FD1ACB00E4D82B /* PBXContainerItemProxy */ = {
			isa = PBXContainerItemProxy;
			containerPortal = C3FF60BD2383E1EC003E57DE /* Project object */;
			proxyType = 1;
			remoteGlobalIDString = C312397523FD1ACB00E4D82B;
			remoteInfo = "TreeMemoForWatch Extension";
		};
		C312398E23FD1ACB00E4D82B /* PBXContainerItemProxy */ = {
			isa = PBXContainerItemProxy;
			containerPortal = C3FF60BD2383E1EC003E57DE /* Project object */;
			proxyType = 1;
			remoteGlobalIDString = C312396923FD1AC900E4D82B;
			remoteInfo = TreeMemoForWatch;
		};
		C3443996239DD95A00A33BA7 /* PBXContainerItemProxy */ = {
			isa = PBXContainerItemProxy;
			containerPortal = C3FF60BD2383E1EC003E57DE /* Project object */;
			proxyType = 1;
			remoteGlobalIDString = C3FF60C42383E1EC003E57DE;
			remoteInfo = treeMemo;
		};
/* End PBXContainerItemProxy section */

/* Begin PBXCopyFilesBuildPhase section */
		C312399423FD1ACB00E4D82B /* Embed App Extensions */ = {
			isa = PBXCopyFilesBuildPhase;
			buildActionMask = 2147483647;
			dstPath = "";
			dstSubfolderSpec = 13;
			files = (
				C312397723FD1ACB00E4D82B /* TreeMemoForWatch Extension.appex in Embed App Extensions */,
			);
			name = "Embed App Extensions";
			runOnlyForDeploymentPostprocessing = 0;
		};
		C3FF61072383E1EF003E57DE /* Embed Watch Content */ = {
			isa = PBXCopyFilesBuildPhase;
			buildActionMask = 2147483647;
			dstPath = "$(CONTENTS_FOLDER_PATH)/Watch";
			dstSubfolderSpec = 16;
			files = (
				C312399023FD1ACB00E4D82B /* TreeMemoForWatch.app in Embed Watch Content */,
			);
			name = "Embed Watch Content";
			runOnlyForDeploymentPostprocessing = 0;
		};
/* End PBXCopyFilesBuildPhase section */

/* Begin PBXFileReference section */
		170FA2E0239CDBA8006A86BD /* UIViewController+TreeMemo.swift */ = {isa = PBXFileReference; lastKnownFileType = sourcecode.swift; path = "UIViewController+TreeMemo.swift"; sourceTree = "<group>"; };
		170FA2E223A614C0006A86BD /* TextDetailView.swift */ = {isa = PBXFileReference; lastKnownFileType = sourcecode.swift; path = TextDetailView.swift; sourceTree = "<group>"; };
		170FA2E423AF3CF8006A86BD /* ImagePickerView.swift */ = {isa = PBXFileReference; lastKnownFileType = sourcecode.swift; path = ImagePickerView.swift; sourceTree = "<group>"; };
		170FA2E923B87A8C006A86BD /* NSLayoutConstraint+.swift */ = {isa = PBXFileReference; fileEncoding = 4; lastKnownFileType = sourcecode.swift; path = "NSLayoutConstraint+.swift"; sourceTree = "<group>"; };
		170FA2EA23B87A8C006A86BD /* UIView+.swift */ = {isa = PBXFileReference; fileEncoding = 4; lastKnownFileType = sourcecode.swift; path = "UIView+.swift"; sourceTree = "<group>"; };
		170FA2EB23B87A8C006A86BD /* BezierPath+.swift */ = {isa = PBXFileReference; fileEncoding = 4; lastKnownFileType = sourcecode.swift; path = "BezierPath+.swift"; sourceTree = "<group>"; };
		170FA2EC23B87A8C006A86BD /* LineButton.swift */ = {isa = PBXFileReference; fileEncoding = 4; lastKnownFileType = sourcecode.swift; path = LineButton.swift; sourceTree = "<group>"; };
		170FA2ED23B87A8C006A86BD /* UIImageView+.swift */ = {isa = PBXFileReference; fileEncoding = 4; lastKnownFileType = sourcecode.swift; path = "UIImageView+.swift"; sourceTree = "<group>"; };
		170FA2EE23B87A8C006A86BD /* CropDimView.swift */ = {isa = PBXFileReference; fileEncoding = 4; lastKnownFileType = sourcecode.swift; path = CropDimView.swift; sourceTree = "<group>"; };
		170FA2EF23B87A8C006A86BD /* CropView.swift */ = {isa = PBXFileReference; fileEncoding = 4; lastKnownFileType = sourcecode.swift; path = CropView.swift; sourceTree = "<group>"; };
		170FA2F023B87A8C006A86BD /* CropPickerView.swift */ = {isa = PBXFileReference; fileEncoding = 4; lastKnownFileType = sourcecode.swift; path = CropPickerView.swift; sourceTree = "<group>"; };
		170FA2F923B87BCC006A86BD /* OQImageViewController.swift */ = {isa = PBXFileReference; lastKnownFileType = sourcecode.swift; path = OQImageViewController.swift; sourceTree = "<group>"; };
		170FA2FA23B87BCC006A86BD /* OQImageViewController.xib */ = {isa = PBXFileReference; lastKnownFileType = file.xib; path = OQImageViewController.xib; sourceTree = "<group>"; };
		170FA2FD23B8813F006A86BD /* Combine+OQ.swift */ = {isa = PBXFileReference; lastKnownFileType = sourcecode.swift; path = "Combine+OQ.swift"; sourceTree = "<group>"; };
		17E86D1124222C9E00D2CB19 /* WatchAlertState.swift */ = {isa = PBXFileReference; lastKnownFileType = sourcecode.swift; path = WatchAlertState.swift; sourceTree = "<group>"; };
		17ED24BE23DD881600538988 /* SideMenuView.swift */ = {isa = PBXFileReference; lastKnownFileType = sourcecode.swift; path = SideMenuView.swift; sourceTree = "<group>"; };
		17ED24C023DD8E8F00538988 /* EnvironmentState.swift */ = {isa = PBXFileReference; lastKnownFileType = sourcecode.swift; path = EnvironmentState.swift; sourceTree = "<group>"; };
		17ED24C223DD9D8D00538988 /* CircleImageView.swift */ = {isa = PBXFileReference; lastKnownFileType = sourcecode.swift; path = CircleImageView.swift; sourceTree = "<group>"; };
		580FF6BE0D91F3AFB8FE42B4 /* Pods-treeMemo.debug.xcconfig */ = {isa = PBXFileReference; includeInIndex = 1; lastKnownFileType = text.xcconfig; name = "Pods-treeMemo.debug.xcconfig"; path = "Target Support Files/Pods-treeMemo/Pods-treeMemo.debug.xcconfig"; sourceTree = "<group>"; };
		C30038BD239A4A5D001DB62F /* OQToggleView.swift */ = {isa = PBXFileReference; lastKnownFileType = sourcecode.swift; path = OQToggleView.swift; sourceTree = "<group>"; };
		C30D9F73240CAF3A00C60019 /* WatchInputNumberView.swift */ = {isa = PBXFileReference; fileEncoding = 4; lastKnownFileType = sourcecode.swift; path = WatchInputNumberView.swift; sourceTree = "<group>"; };
		C312396A23FD1AC900E4D82B /* TreeMemoForWatch.app */ = {isa = PBXFileReference; explicitFileType = wrapper.application; includeInIndex = 0; path = TreeMemoForWatch.app; sourceTree = BUILT_PRODUCTS_DIR; };
		C312396D23FD1AC900E4D82B /* Base */ = {isa = PBXFileReference; lastKnownFileType = file.storyboard; name = Base; path = Base.lproj/Interface.storyboard; sourceTree = "<group>"; };
		C312396F23FD1ACB00E4D82B /* Assets.xcassets */ = {isa = PBXFileReference; lastKnownFileType = folder.assetcatalog; path = Assets.xcassets; sourceTree = "<group>"; };
		C312397123FD1ACB00E4D82B /* Info.plist */ = {isa = PBXFileReference; lastKnownFileType = text.plist.xml; path = Info.plist; sourceTree = "<group>"; };
		C312397623FD1ACB00E4D82B /* TreeMemoForWatch Extension.appex */ = {isa = PBXFileReference; explicitFileType = "wrapper.app-extension"; includeInIndex = 0; path = "TreeMemoForWatch Extension.appex"; sourceTree = BUILT_PRODUCTS_DIR; };
		C312397B23FD1ACB00E4D82B /* ContentView.swift */ = {isa = PBXFileReference; lastKnownFileType = sourcecode.swift; path = ContentView.swift; sourceTree = "<group>"; };
		C312397D23FD1ACB00E4D82B /* HostingController.swift */ = {isa = PBXFileReference; lastKnownFileType = sourcecode.swift; path = HostingController.swift; sourceTree = "<group>"; };
		C312397F23FD1ACB00E4D82B /* ExtensionDelegate.swift */ = {isa = PBXFileReference; lastKnownFileType = sourcecode.swift; path = ExtensionDelegate.swift; sourceTree = "<group>"; };
		C312398123FD1ACB00E4D82B /* NotificationController.swift */ = {isa = PBXFileReference; lastKnownFileType = sourcecode.swift; path = NotificationController.swift; sourceTree = "<group>"; };
		C312398323FD1ACB00E4D82B /* NotificationView.swift */ = {isa = PBXFileReference; lastKnownFileType = sourcecode.swift; path = NotificationView.swift; sourceTree = "<group>"; };
		C312398523FD1ACB00E4D82B /* ComplicationController.swift */ = {isa = PBXFileReference; lastKnownFileType = sourcecode.swift; path = ComplicationController.swift; sourceTree = "<group>"; };
		C312398723FD1ACB00E4D82B /* Assets.xcassets */ = {isa = PBXFileReference; lastKnownFileType = folder.assetcatalog; path = Assets.xcassets; sourceTree = "<group>"; };
		C312398A23FD1ACB00E4D82B /* Preview Assets.xcassets */ = {isa = PBXFileReference; lastKnownFileType = folder.assetcatalog; path = "Preview Assets.xcassets"; sourceTree = "<group>"; };
		C312398C23FD1ACB00E4D82B /* Info.plist */ = {isa = PBXFileReference; lastKnownFileType = text.plist.xml; path = Info.plist; sourceTree = "<group>"; };
		C312398D23FD1ACB00E4D82B /* PushNotificationPayload.apns */ = {isa = PBXFileReference; lastKnownFileType = text; path = PushNotificationPayload.apns; sourceTree = "<group>"; };
		C31239A023FD1C8500E4D82B /* BodyView.swift */ = {isa = PBXFileReference; lastKnownFileType = sourcecode.swift; path = BodyView.swift; sourceTree = "<group>"; };
		C31239A223FD1E3400E4D82B /* TreeNodeView.swift */ = {isa = PBXFileReference; fileEncoding = 4; lastKnownFileType = sourcecode.swift; path = TreeNodeView.swift; sourceTree = "<group>"; };
		C31239A423FD216D00E4D82B /* treeMemo.entitlements */ = {isa = PBXFileReference; lastKnownFileType = text.plist.entitlements; path = treeMemo.entitlements; sourceTree = "<group>"; };
		C31239A523FD22FC00E4D82B /* TreeMemoForWatch.entitlements */ = {isa = PBXFileReference; lastKnownFileType = text.plist.entitlements; path = TreeMemoForWatch.entitlements; sourceTree = "<group>"; };
		C31239A623FD241200E4D82B /* TreeMemoForWatch Extension.entitlements */ = {isa = PBXFileReference; lastKnownFileType = text.plist.entitlements; path = "TreeMemoForWatch Extension.entitlements"; sourceTree = "<group>"; };
		C31239A723FD333500E4D82B /* TreeMemoWCSession.swift */ = {isa = PBXFileReference; lastKnownFileType = sourcecode.swift; path = TreeMemoWCSession.swift; sourceTree = "<group>"; };
		C31C6CD3241B300D0088632D /* CloudManager.swift */ = {isa = PBXFileReference; lastKnownFileType = sourcecode.swift; path = CloudManager.swift; sourceTree = "<group>"; };
		C31C6CD7241B49F10088632D /* CloudKit.framework */ = {isa = PBXFileReference; lastKnownFileType = wrapper.framework; name = CloudKit.framework; path = System/Library/Frameworks/CloudKit.framework; sourceTree = SDKROOT; };
		C31C6CD9241B73C80088632D /* CloudKit.framework */ = {isa = PBXFileReference; lastKnownFileType = wrapper.framework; name = CloudKit.framework; path = Platforms/WatchOS.platform/Developer/SDKs/WatchOS6.1.sdk/System/Library/Frameworks/CloudKit.framework; sourceTree = DEVELOPER_DIR; };
		C31C6CDC241F53620088632D /* Cocen+UIImage.swift */ = {isa = PBXFileReference; fileEncoding = 4; lastKnownFileType = sourcecode.swift; path = "Cocen+UIImage.swift"; sourceTree = "<group>"; };
		C31C6CDF241F5C910088632D /* PinWheelView.swift */ = {isa = PBXFileReference; fileEncoding = 4; lastKnownFileType = sourcecode.swift; path = PinWheelView.swift; sourceTree = "<group>"; };
		C31C6CE32420740A0088632D /* WatchLongTextView.swift */ = {isa = PBXFileReference; lastKnownFileType = sourcecode.swift; path = WatchLongTextView.swift; sourceTree = "<group>"; };
		C31C6CEB2420BF8B0088632D /* TreeMemoForMac.app */ = {isa = PBXFileReference; explicitFileType = wrapper.application; includeInIndex = 0; path = TreeMemoForMac.app; sourceTree = BUILT_PRODUCTS_DIR; };
		C31C6CED2420BF8B0088632D /* AppDelegate.swift */ = {isa = PBXFileReference; lastKnownFileType = sourcecode.swift; path = AppDelegate.swift; sourceTree = "<group>"; };
		C31C6CF12420BF8D0088632D /* Assets.xcassets */ = {isa = PBXFileReference; lastKnownFileType = folder.assetcatalog; path = Assets.xcassets; sourceTree = "<group>"; };
		C31C6CF42420BF8D0088632D /* Preview Assets.xcassets */ = {isa = PBXFileReference; lastKnownFileType = folder.assetcatalog; path = "Preview Assets.xcassets"; sourceTree = "<group>"; };
		C31C6CF72420BF8D0088632D /* Base */ = {isa = PBXFileReference; lastKnownFileType = file.storyboard; name = Base; path = Base.lproj/Main.storyboard; sourceTree = "<group>"; };
		C31C6CF92420BF8D0088632D /* Info.plist */ = {isa = PBXFileReference; lastKnownFileType = text.plist.xml; path = Info.plist; sourceTree = "<group>"; };
		C31C6CFA2420BF8D0088632D /* TreeMemoForMac.entitlements */ = {isa = PBXFileReference; lastKnownFileType = text.plist.entitlements; path = TreeMemoForMac.entitlements; sourceTree = "<group>"; };
		C34415CF238F5CB100F0FDD1 /* TreeMemoViewModel.swift */ = {isa = PBXFileReference; lastKnownFileType = sourcecode.swift; path = TreeMemoViewModel.swift; sourceTree = "<group>"; };
		C3443991239DD95A00A33BA7 /* treeMemoTests.xctest */ = {isa = PBXFileReference; explicitFileType = wrapper.cfbundle; includeInIndex = 0; path = treeMemoTests.xctest; sourceTree = BUILT_PRODUCTS_DIR; };
		C3443993239DD95A00A33BA7 /* treeMemoTests.swift */ = {isa = PBXFileReference; lastKnownFileType = sourcecode.swift; path = treeMemoTests.swift; sourceTree = "<group>"; };
		C3443995239DD95A00A33BA7 /* Info.plist */ = {isa = PBXFileReference; lastKnownFileType = text.plist.xml; path = Info.plist; sourceTree = "<group>"; };
		C344399B239DDF3000A33BA7 /* OQTextFieldView.swift */ = {isa = PBXFileReference; lastKnownFileType = sourcecode.swift; path = OQTextFieldView.swift; sourceTree = "<group>"; };
		C344399F239F891A00A33BA7 /* KeyboardResponder.swift */ = {isa = PBXFileReference; lastKnownFileType = sourcecode.swift; path = KeyboardResponder.swift; sourceTree = "<group>"; };
		C34439E523A3726D00A33BA7 /* OQPickerView.swift */ = {isa = PBXFileReference; fileEncoding = 4; lastKnownFileType = sourcecode.swift; path = OQPickerView.swift; sourceTree = "<group>"; };
		C355BBEB2387C09A0090F7CC /* HeaderView.swift */ = {isa = PBXFileReference; lastKnownFileType = sourcecode.swift; path = HeaderView.swift; sourceTree = "<group>"; };
		C355BBED2387C2780090F7CC /* BodyView.swift */ = {isa = PBXFileReference; lastKnownFileType = sourcecode.swift; path = BodyView.swift; sourceTree = "<group>"; };
		C36AC522238CCE9A00237549 /* TreeMemoState.swift */ = {isa = PBXFileReference; lastKnownFileType = sourcecode.swift; path = TreeMemoState.swift; sourceTree = "<group>"; };
		C3C82026243EE39500F554A4 /* Cocen+String.swift */ = {isa = PBXFileReference; fileEncoding = 4; lastKnownFileType = sourcecode.swift; path = "Cocen+String.swift"; sourceTree = "<group>"; };
		C3C8202A243EEF7300F554A4 /* IAPHelper.swift */ = {isa = PBXFileReference; fileEncoding = 4; lastKnownFileType = sourcecode.swift; path = IAPHelper.swift; sourceTree = "<group>"; };
		C3C8202B243EEF7300F554A4 /* PremiumProducts.swift */ = {isa = PBXFileReference; fileEncoding = 4; lastKnownFileType = sourcecode.swift; path = PremiumProducts.swift; sourceTree = "<group>"; };
		C3C8202E243EEFF000F554A4 /* StoreKit.framework */ = {isa = PBXFileReference; lastKnownFileType = wrapper.framework; name = StoreKit.framework; path = System/Library/Frameworks/StoreKit.framework; sourceTree = SDKROOT; };
		C3C82030243EF5BF00F554A4 /* Dialog.swift */ = {isa = PBXFileReference; fileEncoding = 4; lastKnownFileType = sourcecode.swift; path = Dialog.swift; sourceTree = "<group>"; };
		C3CDC2A52408F732005A7CF9 /* WatchInputFieldView.swift */ = {isa = PBXFileReference; lastKnownFileType = sourcecode.swift; path = WatchInputFieldView.swift; sourceTree = "<group>"; };
		C3EAB80924400C200054F7EF /* macOS+Extension.swift */ = {isa = PBXFileReference; lastKnownFileType = sourcecode.swift; path = "macOS+Extension.swift"; sourceTree = "<group>"; };
		C3EAB80D244012FC0054F7EF /* IndicatorView.swift */ = {isa = PBXFileReference; fileEncoding = 4; lastKnownFileType = sourcecode.swift; path = IndicatorView.swift; sourceTree = "<group>"; };
		C3EAB81324401B550054F7EF /* TreeNodeView.swift */ = {isa = PBXFileReference; fileEncoding = 4; lastKnownFileType = sourcecode.swift; path = TreeNodeView.swift; sourceTree = "<group>"; };
		C3EAB81524403AE40054F7EF /* StoreKit.framework */ = {isa = PBXFileReference; lastKnownFileType = wrapper.framework; name = StoreKit.framework; path = Platforms/MacOSX.platform/Developer/SDKs/MacOSX10.15.sdk/System/Library/Frameworks/StoreKit.framework; sourceTree = DEVELOPER_DIR; };
		C3EAB81724403AE90054F7EF /* CloudKit.framework */ = {isa = PBXFileReference; lastKnownFileType = wrapper.framework; name = CloudKit.framework; path = Platforms/MacOSX.platform/Developer/SDKs/MacOSX10.15.sdk/System/Library/Frameworks/CloudKit.framework; sourceTree = DEVELOPER_DIR; };
		C3FF60C52383E1EC003E57DE /* treeMemo.app */ = {isa = PBXFileReference; explicitFileType = wrapper.application; includeInIndex = 0; path = treeMemo.app; sourceTree = BUILT_PRODUCTS_DIR; };
		C3FF60C82383E1EC003E57DE /* AppDelegate.swift */ = {isa = PBXFileReference; lastKnownFileType = sourcecode.swift; path = AppDelegate.swift; sourceTree = "<group>"; };
		C3FF60CA2383E1EC003E57DE /* SceneDelegate.swift */ = {isa = PBXFileReference; lastKnownFileType = sourcecode.swift; path = SceneDelegate.swift; sourceTree = "<group>"; };
		C3FF60CC2383E1EC003E57DE /* ContentView.swift */ = {isa = PBXFileReference; lastKnownFileType = sourcecode.swift; path = ContentView.swift; sourceTree = "<group>"; };
		C3FF60CE2383E1EE003E57DE /* Assets.xcassets */ = {isa = PBXFileReference; lastKnownFileType = folder.assetcatalog; path = Assets.xcassets; sourceTree = "<group>"; };
		C3FF60D12383E1EE003E57DE /* Preview Assets.xcassets */ = {isa = PBXFileReference; lastKnownFileType = folder.assetcatalog; path = "Preview Assets.xcassets"; sourceTree = "<group>"; };
		C3FF60D42383E1EE003E57DE /* Base */ = {isa = PBXFileReference; lastKnownFileType = file.storyboard; name = Base; path = Base.lproj/LaunchScreen.storyboard; sourceTree = "<group>"; };
		C3FF60D62383E1EE003E57DE /* Info.plist */ = {isa = PBXFileReference; lastKnownFileType = text.plist.xml; path = Info.plist; sourceTree = "<group>"; };
		C3FF610B23853C88003E57DE /* TreeModel.swift */ = {isa = PBXFileReference; lastKnownFileType = sourcecode.swift; path = TreeModel.swift; sourceTree = "<group>"; };
		C3FF611123862244003E57DE /* UIViewPreview.swift */ = {isa = PBXFileReference; lastKnownFileType = sourcecode.swift; path = UIViewPreview.swift; sourceTree = "<group>"; };
		C3FF611323862981003E57DE /* TreeNodeView.swift */ = {isa = PBXFileReference; lastKnownFileType = sourcecode.swift; path = TreeNodeView.swift; sourceTree = "<group>"; };
		EFA899E258947BDDEC3BA401 /* Pods-treeMemo.release.xcconfig */ = {isa = PBXFileReference; includeInIndex = 1; lastKnownFileType = text.xcconfig; name = "Pods-treeMemo.release.xcconfig"; path = "Target Support Files/Pods-treeMemo/Pods-treeMemo.release.xcconfig"; sourceTree = "<group>"; };
		FAE377527E9DFC77BEB4760B /* libPods-treeMemo.a */ = {isa = PBXFileReference; explicitFileType = archive.ar; includeInIndex = 0; path = "libPods-treeMemo.a"; sourceTree = BUILT_PRODUCTS_DIR; };
/* End PBXFileReference section */

/* Begin PBXFrameworksBuildPhase section */
		C312397323FD1ACB00E4D82B /* Frameworks */ = {
			isa = PBXFrameworksBuildPhase;
			buildActionMask = 2147483647;
			files = (
				C31C6CDA241B73C80088632D /* CloudKit.framework in Frameworks */,
			);
			runOnlyForDeploymentPostprocessing = 0;
		};
		C31C6CE82420BF8B0088632D /* Frameworks */ = {
			isa = PBXFrameworksBuildPhase;
			buildActionMask = 2147483647;
			files = (
				C3EAB81824403AE90054F7EF /* CloudKit.framework in Frameworks */,
				C3EAB81624403AE40054F7EF /* StoreKit.framework in Frameworks */,
			);
			runOnlyForDeploymentPostprocessing = 0;
		};
		C344398E239DD95A00A33BA7 /* Frameworks */ = {
			isa = PBXFrameworksBuildPhase;
			buildActionMask = 2147483647;
			files = (
			);
			runOnlyForDeploymentPostprocessing = 0;
		};
		C3FF60C22383E1EC003E57DE /* Frameworks */ = {
			isa = PBXFrameworksBuildPhase;
			buildActionMask = 2147483647;
			files = (
				C31C6CD8241B49F10088632D /* CloudKit.framework in Frameworks */,
				C3C8202F243EEFF000F554A4 /* StoreKit.framework in Frameworks */,
				60AD6BE10826625625DEDEBC /* libPods-treeMemo.a in Frameworks */,
			);
			runOnlyForDeploymentPostprocessing = 0;
		};
		FFA529CA48F5C72DA1B9BBA1 /* Frameworks */ = {
			isa = PBXFrameworksBuildPhase;
			buildActionMask = 2147483647;
			files = (
			);
			runOnlyForDeploymentPostprocessing = 0;
		};
/* End PBXFrameworksBuildPhase section */

/* Begin PBXGroup section */
		170FA2E823B87A8C006A86BD /* CropPickerView */ = {
			isa = PBXGroup;
			children = (
				170FA2E923B87A8C006A86BD /* NSLayoutConstraint+.swift */,
				170FA2EA23B87A8C006A86BD /* UIView+.swift */,
				170FA2EB23B87A8C006A86BD /* BezierPath+.swift */,
				170FA2EC23B87A8C006A86BD /* LineButton.swift */,
				170FA2ED23B87A8C006A86BD /* UIImageView+.swift */,
				170FA2EE23B87A8C006A86BD /* CropDimView.swift */,
				170FA2EF23B87A8C006A86BD /* CropView.swift */,
				170FA2F023B87A8C006A86BD /* CropPickerView.swift */,
			);
			path = CropPickerView;
			sourceTree = "<group>";
		};
		8AA5319DE3D1619649594CC5 /* Pods */ = {
			isa = PBXGroup;
			children = (
				580FF6BE0D91F3AFB8FE42B4 /* Pods-treeMemo.debug.xcconfig */,
				EFA899E258947BDDEC3BA401 /* Pods-treeMemo.release.xcconfig */,
			);
			path = Pods;
			sourceTree = "<group>";
		};
		C30038BF239A51E8001DB62F /* Component */ = {
			isa = PBXGroup;
			children = (
				C30038BD239A4A5D001DB62F /* OQToggleView.swift */,
				C344399B239DDF3000A33BA7 /* OQTextFieldView.swift */,
				170FA2E423AF3CF8006A86BD /* ImagePickerView.swift */,
				170FA2F923B87BCC006A86BD /* OQImageViewController.swift */,
				170FA2FA23B87BCC006A86BD /* OQImageViewController.xib */,
				17ED24C223DD9D8D00538988 /* CircleImageView.swift */,
			);
			path = Component;
			sourceTree = "<group>";
		};
		C312396B23FD1AC900E4D82B /* TreeMemoForWatch */ = {
			isa = PBXGroup;
			children = (
				C31239A523FD22FC00E4D82B /* TreeMemoForWatch.entitlements */,
				C312396C23FD1AC900E4D82B /* Interface.storyboard */,
				C312396F23FD1ACB00E4D82B /* Assets.xcassets */,
				C312397123FD1ACB00E4D82B /* Info.plist */,
			);
			path = TreeMemoForWatch;
			sourceTree = "<group>";
		};
		C312397A23FD1ACB00E4D82B /* TreeMemoForWatch Extension */ = {
			isa = PBXGroup;
			children = (
				C30D9F73240CAF3A00C60019 /* WatchInputNumberView.swift */,
				C31239A623FD241200E4D82B /* TreeMemoForWatch Extension.entitlements */,
				C31239A223FD1E3400E4D82B /* TreeNodeView.swift */,
				C312397B23FD1ACB00E4D82B /* ContentView.swift */,
				C312397D23FD1ACB00E4D82B /* HostingController.swift */,
				C312397F23FD1ACB00E4D82B /* ExtensionDelegate.swift */,
				C312398123FD1ACB00E4D82B /* NotificationController.swift */,
				C312398323FD1ACB00E4D82B /* NotificationView.swift */,
				C312398523FD1ACB00E4D82B /* ComplicationController.swift */,
				C312398723FD1ACB00E4D82B /* Assets.xcassets */,
				C312398C23FD1ACB00E4D82B /* Info.plist */,
				C312398D23FD1ACB00E4D82B /* PushNotificationPayload.apns */,
				C312398923FD1ACB00E4D82B /* Preview Content */,
				C31239A023FD1C8500E4D82B /* BodyView.swift */,
				C3CDC2A52408F732005A7CF9 /* WatchInputFieldView.swift */,
				C31C6CE32420740A0088632D /* WatchLongTextView.swift */,
				17E86D1124222C9E00D2CB19 /* WatchAlertState.swift */,
			);
			path = "TreeMemoForWatch Extension";
			sourceTree = "<group>";
		};
		C312398923FD1ACB00E4D82B /* Preview Content */ = {
			isa = PBXGroup;
			children = (
				C312398A23FD1ACB00E4D82B /* Preview Assets.xcassets */,
			);
			path = "Preview Content";
			sourceTree = "<group>";
		};
		C31C6CD6241B49F10088632D /* Frameworks */ = {
			isa = PBXGroup;
			children = (
				C3EAB81724403AE90054F7EF /* CloudKit.framework */,
				C3C8202E243EEFF000F554A4 /* StoreKit.framework */,
				C3EAB81524403AE40054F7EF /* StoreKit.framework */,
				C31C6CD9241B73C80088632D /* CloudKit.framework */,
				C31C6CD7241B49F10088632D /* CloudKit.framework */,
				FAE377527E9DFC77BEB4760B /* libPods-treeMemo.a */,
			);
			name = Frameworks;
			sourceTree = "<group>";
		};
		C31C6CEC2420BF8B0088632D /* TreeMemoForMac */ = {
			isa = PBXGroup;
			children = (
				C3EAB80924400C200054F7EF /* macOS+Extension.swift */,
				C3EAB80D244012FC0054F7EF /* IndicatorView.swift */,
				C3EAB81324401B550054F7EF /* TreeNodeView.swift */,
				C31C6CED2420BF8B0088632D /* AppDelegate.swift */,
				C31C6CF12420BF8D0088632D /* Assets.xcassets */,
				C31C6CF62420BF8D0088632D /* Main.storyboard */,
				C31C6CF92420BF8D0088632D /* Info.plist */,
				C31C6CFA2420BF8D0088632D /* TreeMemoForMac.entitlements */,
				C31C6CF32420BF8D0088632D /* Preview Content */,
			);
			path = TreeMemoForMac;
			sourceTree = "<group>";
		};
		C31C6CF32420BF8D0088632D /* Preview Content */ = {
			isa = PBXGroup;
			children = (
				C31C6CF42420BF8D0088632D /* Preview Assets.xcassets */,
			);
			path = "Preview Content";
			sourceTree = "<group>";
		};
		C3443992239DD95A00A33BA7 /* treeMemoTests */ = {
			isa = PBXGroup;
			children = (
				C3443993239DD95A00A33BA7 /* treeMemoTests.swift */,
				C3443995239DD95A00A33BA7 /* Info.plist */,
			);
			path = treeMemoTests;
			sourceTree = "<group>";
		};
		C3C82029243EEF7300F554A4 /* IAPHelper */ = {
			isa = PBXGroup;
			children = (
				C3C8202A243EEF7300F554A4 /* IAPHelper.swift */,
				C3C8202B243EEF7300F554A4 /* PremiumProducts.swift */,
			);
			path = IAPHelper;
			sourceTree = "<group>";
		};
		C3FF60BC2383E1EC003E57DE = {
			isa = PBXGroup;
			children = (
				C3FF60C72383E1EC003E57DE /* treeMemo */,
				C3443992239DD95A00A33BA7 /* treeMemoTests */,
				C312396B23FD1AC900E4D82B /* TreeMemoForWatch */,
				C312397A23FD1ACB00E4D82B /* TreeMemoForWatch Extension */,
				C31C6CEC2420BF8B0088632D /* TreeMemoForMac */,
				C3FF60C62383E1EC003E57DE /* Products */,
				C31C6CD6241B49F10088632D /* Frameworks */,
				8AA5319DE3D1619649594CC5 /* Pods */,
			);
			sourceTree = "<group>";
		};
		C3FF60C62383E1EC003E57DE /* Products */ = {
			isa = PBXGroup;
			children = (
				C3FF60C52383E1EC003E57DE /* treeMemo.app */,
				C3443991239DD95A00A33BA7 /* treeMemoTests.xctest */,
				C312396A23FD1AC900E4D82B /* TreeMemoForWatch.app */,
				C312397623FD1ACB00E4D82B /* TreeMemoForWatch Extension.appex */,
				C31C6CEB2420BF8B0088632D /* TreeMemoForMac.app */,
			);
			name = Products;
			sourceTree = "<group>";
		};
		C3FF60C72383E1EC003E57DE /* treeMemo */ = {
			isa = PBXGroup;
			children = (
				C31239A423FD216D00E4D82B /* treeMemo.entitlements */,
				C3FF611023862223003E57DE /* Lib, Extension */,
				C3FF610F23853D35003E57DE /* View */,
				C3FF610E23853D20003E57DE /* ViewModel */,
				C3FF610D23853CE5003E57DE /* Model */,
				C3FF60C82383E1EC003E57DE /* AppDelegate.swift */,
				C3FF60CA2383E1EC003E57DE /* SceneDelegate.swift */,
				C3FF60CE2383E1EE003E57DE /* Assets.xcassets */,
				C3FF60D32383E1EE003E57DE /* LaunchScreen.storyboard */,
				C3FF60D62383E1EE003E57DE /* Info.plist */,
				C3FF60D02383E1EE003E57DE /* Preview Content */,
			);
			path = treeMemo;
			sourceTree = "<group>";
		};
		C3FF60D02383E1EE003E57DE /* Preview Content */ = {
			isa = PBXGroup;
			children = (
				C3FF60D12383E1EE003E57DE /* Preview Assets.xcassets */,
			);
			path = "Preview Content";
			sourceTree = "<group>";
		};
		C3FF610D23853CE5003E57DE /* Model */ = {
			isa = PBXGroup;
			children = (
				C3FF610B23853C88003E57DE /* TreeModel.swift */,
			);
			path = Model;
			sourceTree = "<group>";
		};
		C3FF610E23853D20003E57DE /* ViewModel */ = {
			isa = PBXGroup;
			children = (
				C34415CF238F5CB100F0FDD1 /* TreeMemoViewModel.swift */,
			);
			path = ViewModel;
			sourceTree = "<group>";
		};
		C3FF610F23853D35003E57DE /* View */ = {
			isa = PBXGroup;
			children = (
				C30038BF239A51E8001DB62F /* Component */,
				C3FF60CC2383E1EC003E57DE /* ContentView.swift */,
				C3FF611323862981003E57DE /* TreeNodeView.swift */,
				C355BBEB2387C09A0090F7CC /* HeaderView.swift */,
				C355BBED2387C2780090F7CC /* BodyView.swift */,
				170FA2E223A614C0006A86BD /* TextDetailView.swift */,
				17ED24BE23DD881600538988 /* SideMenuView.swift */,
			);
			path = View;
			sourceTree = "<group>";
		};
		C3FF611023862223003E57DE /* Lib, Extension */ = {
			isa = PBXGroup;
			children = (
				C3C82030243EF5BF00F554A4 /* Dialog.swift */,
				C3C82029243EEF7300F554A4 /* IAPHelper */,
				C3C82026243EE39500F554A4 /* Cocen+String.swift */,
				C31C6CDF241F5C910088632D /* PinWheelView.swift */,
				C31C6CDC241F53620088632D /* Cocen+UIImage.swift */,
				170FA2E823B87A8C006A86BD /* CropPickerView */,
				C34439E523A3726D00A33BA7 /* OQPickerView.swift */,
				C3FF611123862244003E57DE /* UIViewPreview.swift */,
				C36AC522238CCE9A00237549 /* TreeMemoState.swift */,
				170FA2E0239CDBA8006A86BD /* UIViewController+TreeMemo.swift */,
				C344399F239F891A00A33BA7 /* KeyboardResponder.swift */,
				170FA2FD23B8813F006A86BD /* Combine+OQ.swift */,
				17ED24C023DD8E8F00538988 /* EnvironmentState.swift */,
				C31239A723FD333500E4D82B /* TreeMemoWCSession.swift */,
				C31C6CD3241B300D0088632D /* CloudManager.swift */,
			);
			path = "Lib, Extension";
			sourceTree = "<group>";
		};
/* End PBXGroup section */

/* Begin PBXNativeTarget section */
		C312396923FD1AC900E4D82B /* TreeMemoForWatch */ = {
			isa = PBXNativeTarget;
			buildConfigurationList = C312399523FD1ACB00E4D82B /* Build configuration list for PBXNativeTarget "TreeMemoForWatch" */;
			buildPhases = (
				C312396823FD1AC900E4D82B /* Resources */,
				C312399423FD1ACB00E4D82B /* Embed App Extensions */,
				FFA529CA48F5C72DA1B9BBA1 /* Frameworks */,
			);
			buildRules = (
			);
			dependencies = (
				C312397923FD1ACB00E4D82B /* PBXTargetDependency */,
			);
			name = TreeMemoForWatch;
			productName = TreeMemoForWatch;
			productReference = C312396A23FD1AC900E4D82B /* TreeMemoForWatch.app */;
			productType = "com.apple.product-type.application.watchapp2";
		};
		C312397523FD1ACB00E4D82B /* TreeMemoForWatch Extension */ = {
			isa = PBXNativeTarget;
			buildConfigurationList = C312399123FD1ACB00E4D82B /* Build configuration list for PBXNativeTarget "TreeMemoForWatch Extension" */;
			buildPhases = (
				C312397223FD1ACB00E4D82B /* Sources */,
				C312397323FD1ACB00E4D82B /* Frameworks */,
				C312397423FD1ACB00E4D82B /* Resources */,
			);
			buildRules = (
			);
			dependencies = (
			);
			name = "TreeMemoForWatch Extension";
			productName = "TreeMemoForWatch Extension";
			productReference = C312397623FD1ACB00E4D82B /* TreeMemoForWatch Extension.appex */;
			productType = "com.apple.product-type.watchkit2-extension";
		};
		C31C6CEA2420BF8B0088632D /* TreeMemoForMac */ = {
			isa = PBXNativeTarget;
			buildConfigurationList = C31C6CFB2420BF8D0088632D /* Build configuration list for PBXNativeTarget "TreeMemoForMac" */;
			buildPhases = (
				C31C6CE72420BF8B0088632D /* Sources */,
				C31C6CE82420BF8B0088632D /* Frameworks */,
				C31C6CE92420BF8B0088632D /* Resources */,
			);
			buildRules = (
			);
			dependencies = (
			);
			name = TreeMemoForMac;
			productName = TreeMemoForMac;
			productReference = C31C6CEB2420BF8B0088632D /* TreeMemoForMac.app */;
			productType = "com.apple.product-type.application";
		};
		C3443990239DD95A00A33BA7 /* treeMemoTests */ = {
			isa = PBXNativeTarget;
			buildConfigurationList = C3443998239DD95A00A33BA7 /* Build configuration list for PBXNativeTarget "treeMemoTests" */;
			buildPhases = (
				C344398D239DD95A00A33BA7 /* Sources */,
				C344398E239DD95A00A33BA7 /* Frameworks */,
				C344398F239DD95A00A33BA7 /* Resources */,
			);
			buildRules = (
			);
			dependencies = (
				C3443997239DD95A00A33BA7 /* PBXTargetDependency */,
			);
			name = treeMemoTests;
			productName = treeMemoTests;
			productReference = C3443991239DD95A00A33BA7 /* treeMemoTests.xctest */;
			productType = "com.apple.product-type.bundle.unit-test";
		};
		C3FF60C42383E1EC003E57DE /* treeMemo */ = {
			isa = PBXNativeTarget;
			buildConfigurationList = C3FF61082383E1EF003E57DE /* Build configuration list for PBXNativeTarget "treeMemo" */;
			buildPhases = (
				6CFBEC313465D2A943D9D35B /* [CP] Check Pods Manifest.lock */,
				C3FF60C12383E1EC003E57DE /* Sources */,
				C3FF60C22383E1EC003E57DE /* Frameworks */,
				C3FF60C32383E1EC003E57DE /* Resources */,
				C3FF61072383E1EF003E57DE /* Embed Watch Content */,
			);
			buildRules = (
			);
			dependencies = (
				C312398F23FD1ACB00E4D82B /* PBXTargetDependency */,
			);
			name = treeMemo;
			productName = treeMemo;
			productReference = C3FF60C52383E1EC003E57DE /* treeMemo.app */;
			productType = "com.apple.product-type.application";
		};
/* End PBXNativeTarget section */

/* Begin PBXProject section */
		C3FF60BD2383E1EC003E57DE /* Project object */ = {
			isa = PBXProject;
			attributes = {
				LastSwiftUpdateCheck = 1130;
				LastUpgradeCheck = 1100;
				ORGANIZATIONNAME = "OGyu kwon";
				TargetAttributes = {
					C312396923FD1AC900E4D82B = {
						CreatedOnToolsVersion = 11.3.1;
					};
					C312397523FD1ACB00E4D82B = {
						CreatedOnToolsVersion = 11.3.1;
					};
					C31C6CEA2420BF8B0088632D = {
						CreatedOnToolsVersion = 11.3.1;
					};
					C3443990239DD95A00A33BA7 = {
						CreatedOnToolsVersion = 11.2.1;
						TestTargetID = C3FF60C42383E1EC003E57DE;
					};
					C3FF60C42383E1EC003E57DE = {
						CreatedOnToolsVersion = 11.0;
					};
				};
			};
			buildConfigurationList = C3FF60C02383E1EC003E57DE /* Build configuration list for PBXProject "treeMemo" */;
			compatibilityVersion = "Xcode 9.3";
			developmentRegion = en;
			hasScannedForEncodings = 0;
			knownRegions = (
				en,
				Base,
			);
			mainGroup = C3FF60BC2383E1EC003E57DE;
			productRefGroup = C3FF60C62383E1EC003E57DE /* Products */;
			projectDirPath = "";
			projectRoot = "";
			targets = (
				C3FF60C42383E1EC003E57DE /* treeMemo */,
				C3443990239DD95A00A33BA7 /* treeMemoTests */,
				C312396923FD1AC900E4D82B /* TreeMemoForWatch */,
				C312397523FD1ACB00E4D82B /* TreeMemoForWatch Extension */,
				C31C6CEA2420BF8B0088632D /* TreeMemoForMac */,
			);
		};
/* End PBXProject section */

/* Begin PBXResourcesBuildPhase section */
		C312396823FD1AC900E4D82B /* Resources */ = {
			isa = PBXResourcesBuildPhase;
			buildActionMask = 2147483647;
			files = (
				C312397023FD1ACB00E4D82B /* Assets.xcassets in Resources */,
				C312396E23FD1AC900E4D82B /* Interface.storyboard in Resources */,
			);
			runOnlyForDeploymentPostprocessing = 0;
		};
		C312397423FD1ACB00E4D82B /* Resources */ = {
			isa = PBXResourcesBuildPhase;
			buildActionMask = 2147483647;
			files = (
				C312398B23FD1ACB00E4D82B /* Preview Assets.xcassets in Resources */,
				C312398823FD1ACB00E4D82B /* Assets.xcassets in Resources */,
			);
			runOnlyForDeploymentPostprocessing = 0;
		};
		C31C6CE92420BF8B0088632D /* Resources */ = {
			isa = PBXResourcesBuildPhase;
			buildActionMask = 2147483647;
			files = (
				C31C6CF82420BF8D0088632D /* Main.storyboard in Resources */,
				C31C6CF52420BF8D0088632D /* Preview Assets.xcassets in Resources */,
				C31C6CF22420BF8D0088632D /* Assets.xcassets in Resources */,
			);
			runOnlyForDeploymentPostprocessing = 0;
		};
		C344398F239DD95A00A33BA7 /* Resources */ = {
			isa = PBXResourcesBuildPhase;
			buildActionMask = 2147483647;
			files = (
			);
			runOnlyForDeploymentPostprocessing = 0;
		};
		C3FF60C32383E1EC003E57DE /* Resources */ = {
			isa = PBXResourcesBuildPhase;
			buildActionMask = 2147483647;
			files = (
				170FA2FC23B87BCC006A86BD /* OQImageViewController.xib in Resources */,
				C3FF60D52383E1EE003E57DE /* LaunchScreen.storyboard in Resources */,
				C3FF60D22383E1EE003E57DE /* Preview Assets.xcassets in Resources */,
				C3FF60CF2383E1EE003E57DE /* Assets.xcassets in Resources */,
			);
			runOnlyForDeploymentPostprocessing = 0;
		};
/* End PBXResourcesBuildPhase section */

/* Begin PBXShellScriptBuildPhase section */
		6CFBEC313465D2A943D9D35B /* [CP] Check Pods Manifest.lock */ = {
			isa = PBXShellScriptBuildPhase;
			buildActionMask = 2147483647;
			files = (
			);
			inputFileListPaths = (
			);
			inputPaths = (
				"${PODS_PODFILE_DIR_PATH}/Podfile.lock",
				"${PODS_ROOT}/Manifest.lock",
			);
			name = "[CP] Check Pods Manifest.lock";
			outputFileListPaths = (
			);
			outputPaths = (
				"$(DERIVED_FILE_DIR)/Pods-treeMemo-checkManifestLockResult.txt",
			);
			runOnlyForDeploymentPostprocessing = 0;
			shellPath = /bin/sh;
			shellScript = "diff \"${PODS_PODFILE_DIR_PATH}/Podfile.lock\" \"${PODS_ROOT}/Manifest.lock\" > /dev/null\nif [ $? != 0 ] ; then\n    # print error to STDERR\n    echo \"error: The sandbox is not in sync with the Podfile.lock. Run 'pod install' or update your CocoaPods installation.\" >&2\n    exit 1\nfi\n# This output is used by Xcode 'outputs' to avoid re-running this script phase.\necho \"SUCCESS\" > \"${SCRIPT_OUTPUT_FILE_0}\"\n";
			showEnvVarsInLog = 0;
		};
/* End PBXShellScriptBuildPhase section */

/* Begin PBXSourcesBuildPhase section */
		C312397223FD1ACB00E4D82B /* Sources */ = {
			isa = PBXSourcesBuildPhase;
			buildActionMask = 2147483647;
			files = (
				C312397E23FD1ACB00E4D82B /* HostingController.swift in Sources */,
				C312397C23FD1ACB00E4D82B /* ContentView.swift in Sources */,
				C31239A923FD333700E4D82B /* TreeMemoWCSession.swift in Sources */,
				C31239A323FD1E3400E4D82B /* TreeNodeView.swift in Sources */,
				C31239A123FD1C8500E4D82B /* BodyView.swift in Sources */,
				C31C6CE42420740A0088632D /* WatchLongTextView.swift in Sources */,
				C312398223FD1ACB00E4D82B /* NotificationController.swift in Sources */,
				C3CDC2A62408F732005A7CF9 /* WatchInputFieldView.swift in Sources */,
				C31C6CDE241F54290088632D /* Cocen+UIImage.swift in Sources */,
				C312398023FD1ACB00E4D82B /* ExtensionDelegate.swift in Sources */,
				C312399923FD1C0C00E4D82B /* TreeMemoState.swift in Sources */,
				C312398423FD1ACB00E4D82B /* NotificationView.swift in Sources */,
				C312398623FD1ACB00E4D82B /* ComplicationController.swift in Sources */,
				C3C82028243EE39F00F554A4 /* Cocen+String.swift in Sources */,
				C30D9F74240CAF3B00C60019 /* WatchInputNumberView.swift in Sources */,
				17E86D1224222C9E00D2CB19 /* WatchAlertState.swift in Sources */,
				C312399F23FD1C3200E4D82B /* TreeModel.swift in Sources */,
				C312399C23FD1C0C00E4D82B /* EnvironmentState.swift in Sources */,
			);
			runOnlyForDeploymentPostprocessing = 0;
		};
		C31C6CE72420BF8B0088632D /* Sources */ = {
			isa = PBXSourcesBuildPhase;
			buildActionMask = 2147483647;
			files = (
				C31C6D062420C0E30088632D /* CircleImageView.swift in Sources */,
				C31C6D0C2420C0EA0088632D /* SideMenuView.swift in Sources */,
				C3EAB81224401AD30054F7EF /* BodyView.swift in Sources */,
				C3EAB811244014F50054F7EF /* TreeMemoState.swift in Sources */,
				C3EAB810244014970054F7EF /* PremiumProducts.swift in Sources */,
				C31C6D022420C0950088632D /* CloudManager.swift in Sources */,
				C31C6D072420C0EA0088632D /* ContentView.swift in Sources */,
				C31C6D0E2420C0F70088632D /* TreeModel.swift in Sources */,
				C31C6D032420C0D50088632D /* OQToggleView.swift in Sources */,
				C3EAB80B244011AA0054F7EF /* macOS+Extension.swift in Sources */,
				C3EAB80E244012FD0054F7EF /* IndicatorView.swift in Sources */,
				C31C6CEE2420BF8B0088632D /* AppDelegate.swift in Sources */,
				C31C6D012420C06D0088632D /* EnvironmentState.swift in Sources */,
				C3EAB80F244014970054F7EF /* IAPHelper.swift in Sources */,
				C3EAB81424401B550054F7EF /* TreeNodeView.swift in Sources */,
				C31C6D092420C0EA0088632D /* HeaderView.swift in Sources */,
			);
			runOnlyForDeploymentPostprocessing = 0;
		};
		C344398D239DD95A00A33BA7 /* Sources */ = {
			isa = PBXSourcesBuildPhase;
			buildActionMask = 2147483647;
			files = (
				C3443994239DD95A00A33BA7 /* treeMemoTests.swift in Sources */,
			);
			runOnlyForDeploymentPostprocessing = 0;
		};
		C3FF60C12383E1EC003E57DE /* Sources */ = {
			isa = PBXSourcesBuildPhase;
			buildActionMask = 2147483647;
			files = (
				17ED24C323DD9D8D00538988 /* CircleImageView.swift in Sources */,
				C3FF611223862244003E57DE /* UIViewPreview.swift in Sources */,
				C31C6CDD241F53620088632D /* Cocen+UIImage.swift in Sources */,
				C3FF60C92383E1EC003E57DE /* AppDelegate.swift in Sources */,
				C3C8202C243EEF7300F554A4 /* IAPHelper.swift in Sources */,
				170FA2E1239CDBA8006A86BD /* UIViewController+TreeMemo.swift in Sources */,
				C34415D0238F5CB100F0FDD1 /* TreeMemoViewModel.swift in Sources */,
				C31C6CD4241B300D0088632D /* CloudManager.swift in Sources */,
				170FA2E523AF3CF8006A86BD /* ImagePickerView.swift in Sources */,
				C30038BE239A4A5D001DB62F /* OQToggleView.swift in Sources */,
				170FA2E323A614C0006A86BD /* TextDetailView.swift in Sources */,
				C355BBEE2387C2780090F7CC /* BodyView.swift in Sources */,
				C34439E623A3726D00A33BA7 /* OQPickerView.swift in Sources */,
				170FA2FE23B8813F006A86BD /* Combine+OQ.swift in Sources */,
				170FA2F223B87A8C006A86BD /* UIView+.swift in Sources */,
				C31239A823FD333500E4D82B /* TreeMemoWCSession.swift in Sources */,
				C3FF611423862981003E57DE /* TreeNodeView.swift in Sources */,
				17ED24BF23DD881600538988 /* SideMenuView.swift in Sources */,
				C36AC523238CCE9A00237549 /* TreeMemoState.swift in Sources */,
				C3C82031243EF5BF00F554A4 /* Dialog.swift in Sources */,
				170FA2F523B87A8C006A86BD /* UIImageView+.swift in Sources */,
				170FA2F123B87A8C006A86BD /* NSLayoutConstraint+.swift in Sources */,
				C34439A0239F891A00A33BA7 /* KeyboardResponder.swift in Sources */,
				C3FF60CB2383E1EC003E57DE /* SceneDelegate.swift in Sources */,
				C3FF610C23853C88003E57DE /* TreeModel.swift in Sources */,
				170FA2F623B87A8C006A86BD /* CropDimView.swift in Sources */,
				170FA2F823B87A8C006A86BD /* CropPickerView.swift in Sources */,
				C344399C239DDF3000A33BA7 /* OQTextFieldView.swift in Sources */,
				170FA2F423B87A8C006A86BD /* LineButton.swift in Sources */,
				17ED24C123DD8E8F00538988 /* EnvironmentState.swift in Sources */,
				C31C6CE0241F5C910088632D /* PinWheelView.swift in Sources */,
				C3FF60CD2383E1EC003E57DE /* ContentView.swift in Sources */,
				C3C82027243EE39500F554A4 /* Cocen+String.swift in Sources */,
				170FA2F323B87A8C006A86BD /* BezierPath+.swift in Sources */,
				170FA2FB23B87BCC006A86BD /* OQImageViewController.swift in Sources */,
				C355BBEC2387C09A0090F7CC /* HeaderView.swift in Sources */,
				170FA2F723B87A8C006A86BD /* CropView.swift in Sources */,
				C3C8202D243EEF7300F554A4 /* PremiumProducts.swift in Sources */,
			);
			runOnlyForDeploymentPostprocessing = 0;
		};
/* End PBXSourcesBuildPhase section */

/* Begin PBXTargetDependency section */
		C312397923FD1ACB00E4D82B /* PBXTargetDependency */ = {
			isa = PBXTargetDependency;
			target = C312397523FD1ACB00E4D82B /* TreeMemoForWatch Extension */;
			targetProxy = C312397823FD1ACB00E4D82B /* PBXContainerItemProxy */;
		};
		C312398F23FD1ACB00E4D82B /* PBXTargetDependency */ = {
			isa = PBXTargetDependency;
			target = C312396923FD1AC900E4D82B /* TreeMemoForWatch */;
			targetProxy = C312398E23FD1ACB00E4D82B /* PBXContainerItemProxy */;
		};
		C3443997239DD95A00A33BA7 /* PBXTargetDependency */ = {
			isa = PBXTargetDependency;
			target = C3FF60C42383E1EC003E57DE /* treeMemo */;
			targetProxy = C3443996239DD95A00A33BA7 /* PBXContainerItemProxy */;
		};
/* End PBXTargetDependency section */

/* Begin PBXVariantGroup section */
		C312396C23FD1AC900E4D82B /* Interface.storyboard */ = {
			isa = PBXVariantGroup;
			children = (
				C312396D23FD1AC900E4D82B /* Base */,
			);
			name = Interface.storyboard;
			sourceTree = "<group>";
		};
		C31C6CF62420BF8D0088632D /* Main.storyboard */ = {
			isa = PBXVariantGroup;
			children = (
				C31C6CF72420BF8D0088632D /* Base */,
			);
			name = Main.storyboard;
			sourceTree = "<group>";
		};
		C3FF60D32383E1EE003E57DE /* LaunchScreen.storyboard */ = {
			isa = PBXVariantGroup;
			children = (
				C3FF60D42383E1EE003E57DE /* Base */,
			);
			name = LaunchScreen.storyboard;
			sourceTree = "<group>";
		};
/* End PBXVariantGroup section */

/* Begin XCBuildConfiguration section */
		C312399223FD1ACB00E4D82B /* Debug */ = {
			isa = XCBuildConfiguration;
			buildSettings = {
				ASSETCATALOG_COMPILER_COMPLICATION_NAME = Complication;
				CODE_SIGN_ENTITLEMENTS = "TreeMemoForWatch Extension/TreeMemoForWatch Extension.entitlements";
				CODE_SIGN_STYLE = Automatic;
				DEVELOPMENT_ASSET_PATHS = "\"TreeMemoForWatch Extension/Preview Content\"";
				DEVELOPMENT_TEAM = Z97K7ZHNKX;
				ENABLE_PREVIEWS = YES;
				INFOPLIST_FILE = "TreeMemoForWatch Extension/Info.plist";
				LD_RUNPATH_SEARCH_PATHS = (
					"$(inherited)",
					"@executable_path/Frameworks",
					"@executable_path/../../Frameworks",
				);
				PRODUCT_BUNDLE_IDENTIFIER = com.oq.tree.memo.watchkitapp.watchkitextension;
				PRODUCT_NAME = "${TARGET_NAME}";
				SDKROOT = watchos;
				SKIP_INSTALL = YES;
				SWIFT_VERSION = 5.0;
				TARGETED_DEVICE_FAMILY = 4;
				WATCHOS_DEPLOYMENT_TARGET = 6.1;
			};
			name = Debug;
		};
		C312399323FD1ACB00E4D82B /* Release */ = {
			isa = XCBuildConfiguration;
			buildSettings = {
				ASSETCATALOG_COMPILER_COMPLICATION_NAME = Complication;
				CODE_SIGN_ENTITLEMENTS = "TreeMemoForWatch Extension/TreeMemoForWatch Extension.entitlements";
				CODE_SIGN_STYLE = Automatic;
				DEVELOPMENT_ASSET_PATHS = "\"TreeMemoForWatch Extension/Preview Content\"";
				DEVELOPMENT_TEAM = Z97K7ZHNKX;
				ENABLE_PREVIEWS = YES;
				INFOPLIST_FILE = "TreeMemoForWatch Extension/Info.plist";
				LD_RUNPATH_SEARCH_PATHS = (
					"$(inherited)",
					"@executable_path/Frameworks",
					"@executable_path/../../Frameworks",
				);
				PRODUCT_BUNDLE_IDENTIFIER = com.oq.tree.memo.watchkitapp.watchkitextension;
				PRODUCT_NAME = "${TARGET_NAME}";
				SDKROOT = watchos;
				SKIP_INSTALL = YES;
				SWIFT_VERSION = 5.0;
				TARGETED_DEVICE_FAMILY = 4;
				WATCHOS_DEPLOYMENT_TARGET = 6.1;
			};
			name = Release;
		};
		C312399623FD1ACB00E4D82B /* Debug */ = {
			isa = XCBuildConfiguration;
			buildSettings = {
				ALWAYS_EMBED_SWIFT_STANDARD_LIBRARIES = YES;
				ASSETCATALOG_COMPILER_APPICON_NAME = AppIcon;
				CODE_SIGN_ENTITLEMENTS = TreeMemoForWatch/TreeMemoForWatch.entitlements;
				CODE_SIGN_STYLE = Automatic;
				DEVELOPMENT_TEAM = Z97K7ZHNKX;
				IBSC_MODULE = TreeMemoForWatch_Extension;
				INFOPLIST_FILE = TreeMemoForWatch/Info.plist;
				PRODUCT_BUNDLE_IDENTIFIER = com.oq.tree.memo.watchkitapp;
				PRODUCT_NAME = "$(TARGET_NAME)";
				SDKROOT = watchos;
				SKIP_INSTALL = YES;
				SWIFT_VERSION = 5.0;
				TARGETED_DEVICE_FAMILY = 4;
				WATCHOS_DEPLOYMENT_TARGET = 6.1;
			};
			name = Debug;
		};
		C312399723FD1ACB00E4D82B /* Release */ = {
			isa = XCBuildConfiguration;
			buildSettings = {
				ALWAYS_EMBED_SWIFT_STANDARD_LIBRARIES = YES;
				ASSETCATALOG_COMPILER_APPICON_NAME = AppIcon;
				CODE_SIGN_ENTITLEMENTS = TreeMemoForWatch/TreeMemoForWatch.entitlements;
				CODE_SIGN_STYLE = Automatic;
				DEVELOPMENT_TEAM = Z97K7ZHNKX;
				IBSC_MODULE = TreeMemoForWatch_Extension;
				INFOPLIST_FILE = TreeMemoForWatch/Info.plist;
				PRODUCT_BUNDLE_IDENTIFIER = com.oq.tree.memo.watchkitapp;
				PRODUCT_NAME = "$(TARGET_NAME)";
				SDKROOT = watchos;
				SKIP_INSTALL = YES;
				SWIFT_VERSION = 5.0;
				TARGETED_DEVICE_FAMILY = 4;
				WATCHOS_DEPLOYMENT_TARGET = 6.1;
			};
			name = Release;
		};
		C31C6CFC2420BF8D0088632D /* Debug */ = {
			isa = XCBuildConfiguration;
			buildSettings = {
				ARCHS = "$(ARCHS_STANDARD)";
				ASSETCATALOG_COMPILER_APPICON_NAME = AppIcon;
				CODE_SIGN_ENTITLEMENTS = TreeMemoForMac/TreeMemoForMac.entitlements;
				CODE_SIGN_STYLE = Automatic;
				COMBINE_HIDPI_IMAGES = YES;
				DEVELOPMENT_ASSET_PATHS = "\"TreeMemoForMac/Preview Content\"";
				DEVELOPMENT_TEAM = Z97K7ZHNKX;
				ENABLE_HARDENED_RUNTIME = YES;
				ENABLE_PREVIEWS = YES;
				INFOPLIST_FILE = TreeMemoForMac/Info.plist;
				LD_RUNPATH_SEARCH_PATHS = (
					"$(inherited)",
					"@executable_path/Frameworks",
				);
				MACOSX_DEPLOYMENT_TARGET = 10.15;
				PRODUCT_BUNDLE_IDENTIFIER = com.oq.tree.memo.mac.TreeMemoForMac;
				PRODUCT_NAME = "$(TARGET_NAME)";
				SDKROOT = macosx;
				SWIFT_VERSION = 5.0;
			};
			name = Debug;
		};
		C31C6CFD2420BF8D0088632D /* Release */ = {
			isa = XCBuildConfiguration;
			buildSettings = {
				ARCHS = "$(ARCHS_STANDARD)";
				ASSETCATALOG_COMPILER_APPICON_NAME = AppIcon;
				CODE_SIGN_ENTITLEMENTS = TreeMemoForMac/TreeMemoForMac.entitlements;
				CODE_SIGN_STYLE = Automatic;
				COMBINE_HIDPI_IMAGES = YES;
				DEVELOPMENT_ASSET_PATHS = "\"TreeMemoForMac/Preview Content\"";
				DEVELOPMENT_TEAM = Z97K7ZHNKX;
				ENABLE_HARDENED_RUNTIME = YES;
				ENABLE_PREVIEWS = YES;
				INFOPLIST_FILE = TreeMemoForMac/Info.plist;
				LD_RUNPATH_SEARCH_PATHS = (
					"$(inherited)",
					"@executable_path/Frameworks",
				);
				MACOSX_DEPLOYMENT_TARGET = 10.15;
				PRODUCT_BUNDLE_IDENTIFIER = com.oq.tree.memo.mac.TreeMemoForMac;
				PRODUCT_NAME = "$(TARGET_NAME)";
				SDKROOT = macosx;
				SWIFT_VERSION = 5.0;
			};
			name = Release;
		};
		C3443999239DD95A00A33BA7 /* Debug */ = {
			isa = XCBuildConfiguration;
			buildSettings = {
				BUNDLE_LOADER = "$(TEST_HOST)";
				CODE_SIGN_STYLE = Automatic;
				DEVELOPMENT_TEAM = Z97K7ZHNKX;
				INFOPLIST_FILE = treeMemoTests/Info.plist;
				IPHONEOS_DEPLOYMENT_TARGET = 13.0;
				LD_RUNPATH_SEARCH_PATHS = (
					"$(inherited)",
					"@executable_path/Frameworks",
					"@loader_path/Frameworks",
				);
				PRODUCT_BUNDLE_IDENTIFIER = com.oq.treeMemoTests;
				PRODUCT_NAME = "$(TARGET_NAME)";
				SWIFT_VERSION = 5.0;
				TARGETED_DEVICE_FAMILY = "1,2";
				TEST_HOST = "$(BUILT_PRODUCTS_DIR)/treeMemo.app/treeMemo";
			};
			name = Debug;
		};
		C344399A239DD95A00A33BA7 /* Release */ = {
			isa = XCBuildConfiguration;
			buildSettings = {
				BUNDLE_LOADER = "$(TEST_HOST)";
				CODE_SIGN_STYLE = Automatic;
				DEVELOPMENT_TEAM = Z97K7ZHNKX;
				INFOPLIST_FILE = treeMemoTests/Info.plist;
				IPHONEOS_DEPLOYMENT_TARGET = 13.0;
				LD_RUNPATH_SEARCH_PATHS = (
					"$(inherited)",
					"@executable_path/Frameworks",
					"@loader_path/Frameworks",
				);
				PRODUCT_BUNDLE_IDENTIFIER = com.oq.treeMemoTests;
				PRODUCT_NAME = "$(TARGET_NAME)";
				SWIFT_VERSION = 5.0;
				TARGETED_DEVICE_FAMILY = "1,2";
				TEST_HOST = "$(BUILT_PRODUCTS_DIR)/treeMemo.app/treeMemo";
			};
			name = Release;
		};
		C3FF60FE2383E1EF003E57DE /* Debug */ = {
			isa = XCBuildConfiguration;
			buildSettings = {
				ALWAYS_SEARCH_USER_PATHS = NO;
				CLANG_ANALYZER_LOCALIZABILITY_NONLOCALIZED = YES;
				CLANG_ANALYZER_NONNULL = YES;
				CLANG_ANALYZER_NUMBER_OBJECT_CONVERSION = YES_AGGRESSIVE;
				CLANG_CXX_LANGUAGE_STANDARD = "gnu++14";
				CLANG_CXX_LIBRARY = "libc++";
				CLANG_ENABLE_MODULES = YES;
				CLANG_ENABLE_OBJC_ARC = YES;
				CLANG_ENABLE_OBJC_WEAK = YES;
				CLANG_WARN_BLOCK_CAPTURE_AUTORELEASING = YES;
				CLANG_WARN_BOOL_CONVERSION = YES;
				CLANG_WARN_COMMA = YES;
				CLANG_WARN_CONSTANT_CONVERSION = YES;
				CLANG_WARN_DEPRECATED_OBJC_IMPLEMENTATIONS = YES;
				CLANG_WARN_DIRECT_OBJC_ISA_USAGE = YES_ERROR;
				CLANG_WARN_DOCUMENTATION_COMMENTS = YES;
				CLANG_WARN_EMPTY_BODY = YES;
				CLANG_WARN_ENUM_CONVERSION = YES;
				CLANG_WARN_INFINITE_RECURSION = YES;
				CLANG_WARN_INT_CONVERSION = YES;
				CLANG_WARN_NON_LITERAL_NULL_CONVERSION = YES;
				CLANG_WARN_OBJC_IMPLICIT_RETAIN_SELF = YES;
				CLANG_WARN_OBJC_LITERAL_CONVERSION = YES;
				CLANG_WARN_OBJC_ROOT_CLASS = YES_ERROR;
				CLANG_WARN_RANGE_LOOP_ANALYSIS = YES;
				CLANG_WARN_STRICT_PROTOTYPES = YES;
				CLANG_WARN_SUSPICIOUS_MOVE = YES;
				CLANG_WARN_UNGUARDED_AVAILABILITY = YES_AGGRESSIVE;
				CLANG_WARN_UNREACHABLE_CODE = YES;
				CLANG_WARN__DUPLICATE_METHOD_MATCH = YES;
				COPY_PHASE_STRIP = NO;
				DEBUG_INFORMATION_FORMAT = dwarf;
				ENABLE_STRICT_OBJC_MSGSEND = YES;
				ENABLE_TESTABILITY = YES;
				GCC_C_LANGUAGE_STANDARD = gnu11;
				GCC_DYNAMIC_NO_PIC = NO;
				GCC_NO_COMMON_BLOCKS = YES;
				GCC_OPTIMIZATION_LEVEL = 0;
				GCC_PREPROCESSOR_DEFINITIONS = (
					"DEBUG=1",
					"$(inherited)",
				);
				GCC_WARN_64_TO_32_BIT_CONVERSION = YES;
				GCC_WARN_ABOUT_RETURN_TYPE = YES_ERROR;
				GCC_WARN_UNDECLARED_SELECTOR = YES;
				GCC_WARN_UNINITIALIZED_AUTOS = YES_AGGRESSIVE;
				GCC_WARN_UNUSED_FUNCTION = YES;
				GCC_WARN_UNUSED_VARIABLE = YES;
				IPHONEOS_DEPLOYMENT_TARGET = 13.0;
				MTL_ENABLE_DEBUG_INFO = INCLUDE_SOURCE;
				MTL_FAST_MATH = YES;
				ONLY_ACTIVE_ARCH = YES;
				SDKROOT = iphoneos;
				SWIFT_ACTIVE_COMPILATION_CONDITIONS = DEBUG;
				SWIFT_OPTIMIZATION_LEVEL = "-Onone";
			};
			name = Debug;
		};
		C3FF60FF2383E1EF003E57DE /* Release */ = {
			isa = XCBuildConfiguration;
			buildSettings = {
				ALWAYS_SEARCH_USER_PATHS = NO;
				CLANG_ANALYZER_LOCALIZABILITY_NONLOCALIZED = YES;
				CLANG_ANALYZER_NONNULL = YES;
				CLANG_ANALYZER_NUMBER_OBJECT_CONVERSION = YES_AGGRESSIVE;
				CLANG_CXX_LANGUAGE_STANDARD = "gnu++14";
				CLANG_CXX_LIBRARY = "libc++";
				CLANG_ENABLE_MODULES = YES;
				CLANG_ENABLE_OBJC_ARC = YES;
				CLANG_ENABLE_OBJC_WEAK = YES;
				CLANG_WARN_BLOCK_CAPTURE_AUTORELEASING = YES;
				CLANG_WARN_BOOL_CONVERSION = YES;
				CLANG_WARN_COMMA = YES;
				CLANG_WARN_CONSTANT_CONVERSION = YES;
				CLANG_WARN_DEPRECATED_OBJC_IMPLEMENTATIONS = YES;
				CLANG_WARN_DIRECT_OBJC_ISA_USAGE = YES_ERROR;
				CLANG_WARN_DOCUMENTATION_COMMENTS = YES;
				CLANG_WARN_EMPTY_BODY = YES;
				CLANG_WARN_ENUM_CONVERSION = YES;
				CLANG_WARN_INFINITE_RECURSION = YES;
				CLANG_WARN_INT_CONVERSION = YES;
				CLANG_WARN_NON_LITERAL_NULL_CONVERSION = YES;
				CLANG_WARN_OBJC_IMPLICIT_RETAIN_SELF = YES;
				CLANG_WARN_OBJC_LITERAL_CONVERSION = YES;
				CLANG_WARN_OBJC_ROOT_CLASS = YES_ERROR;
				CLANG_WARN_RANGE_LOOP_ANALYSIS = YES;
				CLANG_WARN_STRICT_PROTOTYPES = YES;
				CLANG_WARN_SUSPICIOUS_MOVE = YES;
				CLANG_WARN_UNGUARDED_AVAILABILITY = YES_AGGRESSIVE;
				CLANG_WARN_UNREACHABLE_CODE = YES;
				CLANG_WARN__DUPLICATE_METHOD_MATCH = YES;
				COPY_PHASE_STRIP = NO;
				DEBUG_INFORMATION_FORMAT = "dwarf-with-dsym";
				ENABLE_NS_ASSERTIONS = NO;
				ENABLE_STRICT_OBJC_MSGSEND = YES;
				GCC_C_LANGUAGE_STANDARD = gnu11;
				GCC_NO_COMMON_BLOCKS = YES;
				GCC_WARN_64_TO_32_BIT_CONVERSION = YES;
				GCC_WARN_ABOUT_RETURN_TYPE = YES_ERROR;
				GCC_WARN_UNDECLARED_SELECTOR = YES;
				GCC_WARN_UNINITIALIZED_AUTOS = YES_AGGRESSIVE;
				GCC_WARN_UNUSED_FUNCTION = YES;
				GCC_WARN_UNUSED_VARIABLE = YES;
				IPHONEOS_DEPLOYMENT_TARGET = 13.0;
				MTL_ENABLE_DEBUG_INFO = NO;
				MTL_FAST_MATH = YES;
				SDKROOT = iphoneos;
				SWIFT_COMPILATION_MODE = wholemodule;
				SWIFT_OPTIMIZATION_LEVEL = "-O";
				VALIDATE_PRODUCT = YES;
			};
			name = Release;
		};
		C3FF61092383E1EF003E57DE /* Debug */ = {
			isa = XCBuildConfiguration;
			baseConfigurationReference = 580FF6BE0D91F3AFB8FE42B4 /* Pods-treeMemo.debug.xcconfig */;
			buildSettings = {
				ASSETCATALOG_COMPILER_APPICON_NAME = AppIcon;
				CODE_SIGN_ENTITLEMENTS = treeMemo/treeMemo.entitlements;
				CODE_SIGN_STYLE = Automatic;
				DEVELOPMENT_ASSET_PATHS = "\"treeMemo/Preview Content\"";
				DEVELOPMENT_TEAM = Z97K7ZHNKX;
				ENABLE_PREVIEWS = YES;
				INFOPLIST_FILE = treeMemo/Info.plist;
				LD_RUNPATH_SEARCH_PATHS = (
					"$(inherited)",
					"@executable_path/Frameworks",
				);
				PRODUCT_BUNDLE_IDENTIFIER = com.oq.tree.memo;
				PRODUCT_NAME = "$(TARGET_NAME)";
				SWIFT_VERSION = 5.0;
				TARGETED_DEVICE_FAMILY = 1;
			};
			name = Debug;
		};
		C3FF610A2383E1EF003E57DE /* Release */ = {
			isa = XCBuildConfiguration;
			baseConfigurationReference = EFA899E258947BDDEC3BA401 /* Pods-treeMemo.release.xcconfig */;
			buildSettings = {
				ASSETCATALOG_COMPILER_APPICON_NAME = AppIcon;
				CODE_SIGN_ENTITLEMENTS = treeMemo/treeMemo.entitlements;
				CODE_SIGN_STYLE = Automatic;
				DEVELOPMENT_ASSET_PATHS = "\"treeMemo/Preview Content\"";
				DEVELOPMENT_TEAM = Z97K7ZHNKX;
				ENABLE_PREVIEWS = YES;
				INFOPLIST_FILE = treeMemo/Info.plist;
				LD_RUNPATH_SEARCH_PATHS = (
					"$(inherited)",
					"@executable_path/Frameworks",
				);
				PRODUCT_BUNDLE_IDENTIFIER = com.oq.tree.memo;
				PRODUCT_NAME = "$(TARGET_NAME)";
				SWIFT_VERSION = 5.0;
				TARGETED_DEVICE_FAMILY = 1;
			};
			name = Release;
		};
/* End XCBuildConfiguration section */

/* Begin XCConfigurationList section */
		C312399123FD1ACB00E4D82B /* Build configuration list for PBXNativeTarget "TreeMemoForWatch Extension" */ = {
			isa = XCConfigurationList;
			buildConfigurations = (
				C312399223FD1ACB00E4D82B /* Debug */,
				C312399323FD1ACB00E4D82B /* Release */,
			);
			defaultConfigurationIsVisible = 0;
			defaultConfigurationName = Release;
		};
		C312399523FD1ACB00E4D82B /* Build configuration list for PBXNativeTarget "TreeMemoForWatch" */ = {
			isa = XCConfigurationList;
			buildConfigurations = (
				C312399623FD1ACB00E4D82B /* Debug */,
				C312399723FD1ACB00E4D82B /* Release */,
			);
			defaultConfigurationIsVisible = 0;
			defaultConfigurationName = Release;
		};
		C31C6CFB2420BF8D0088632D /* Build configuration list for PBXNativeTarget "TreeMemoForMac" */ = {
			isa = XCConfigurationList;
			buildConfigurations = (
				C31C6CFC2420BF8D0088632D /* Debug */,
				C31C6CFD2420BF8D0088632D /* Release */,
			);
			defaultConfigurationIsVisible = 0;
			defaultConfigurationName = Release;
		};
		C3443998239DD95A00A33BA7 /* Build configuration list for PBXNativeTarget "treeMemoTests" */ = {
			isa = XCConfigurationList;
			buildConfigurations = (
				C3443999239DD95A00A33BA7 /* Debug */,
				C344399A239DD95A00A33BA7 /* Release */,
			);
			defaultConfigurationIsVisible = 0;
			defaultConfigurationName = Release;
		};
		C3FF60C02383E1EC003E57DE /* Build configuration list for PBXProject "treeMemo" */ = {
			isa = XCConfigurationList;
			buildConfigurations = (
				C3FF60FE2383E1EF003E57DE /* Debug */,
				C3FF60FF2383E1EF003E57DE /* Release */,
			);
			defaultConfigurationIsVisible = 0;
			defaultConfigurationName = Release;
		};
		C3FF61082383E1EF003E57DE /* Build configuration list for PBXNativeTarget "treeMemo" */ = {
			isa = XCConfigurationList;
			buildConfigurations = (
				C3FF61092383E1EF003E57DE /* Debug */,
				C3FF610A2383E1EF003E57DE /* Release */,
			);
			defaultConfigurationIsVisible = 0;
			defaultConfigurationName = Release;
		};
/* End XCConfigurationList section */
	};
	rootObject = C3FF60BD2383E1EC003E57DE /* Project object */;
}
